// !$*UTF8*$!
{
	archiveVersion = 1;
	classes = {
	};
	objectVersion = 56;
	objects = {

/* Begin PBXBuildFile section */
		D1108BF32AF00910008E6D97 /* TrainingTestApp.swift in Sources */ = {isa = PBXBuildFile; fileRef = D1108BF22AF00910008E6D97 /* TrainingTestApp.swift */; };
		D1108BF72AF00911008E6D97 /* Assets.xcassets in Resources */ = {isa = PBXBuildFile; fileRef = D1108BF62AF00911008E6D97 /* Assets.xcassets */; };
		D1108BFA2AF00911008E6D97 /* Preview Assets.xcassets in Resources */ = {isa = PBXBuildFile; fileRef = D1108BF92AF00911008E6D97 /* Preview Assets.xcassets */; };
		D1108C042AF00911008E6D97 /* TrainingTestTests.swift in Sources */ = {isa = PBXBuildFile; fileRef = D1108C032AF00911008E6D97 /* TrainingTestTests.swift */; };
		D1108C0E2AF00911008E6D97 /* TrainingTestUITests.swift in Sources */ = {isa = PBXBuildFile; fileRef = D1108C0D2AF00911008E6D97 /* TrainingTestUITests.swift */; };
		D1108C102AF00911008E6D97 /* TrainingTestUITestsLaunchTests.swift in Sources */ = {isa = PBXBuildFile; fileRef = D1108C0F2AF00911008E6D97 /* TrainingTestUITestsLaunchTests.swift */; };
		D19ED0F22AFD35CF004358FC /* Presentation in Frameworks */ = {isa = PBXBuildFile; productRef = D19ED0F12AFD35CF004358FC /* Presentation */; };
		D19ED0F42AFD35DF004358FC /* Data in Frameworks */ = {isa = PBXBuildFile; productRef = D19ED0F32AFD35DF004358FC /* Data */; };
		D19ED0F62AFD35DF004358FC /* Domain in Frameworks */ = {isa = PBXBuildFile; productRef = D19ED0F52AFD35DF004358FC /* Domain */; };
		D19ED0F82AFD35DF004358FC /* Shared in Frameworks */ = {isa = PBXBuildFile; productRef = D19ED0F72AFD35DF004358FC /* Shared */; };
		D1E11EA92AFE8E2C00420F04 /* CouchbaseLiteWrapper in Frameworks */ = {isa = PBXBuildFile; productRef = D1E11EA82AFE8E2C00420F04 /* CouchbaseLiteWrapper */; };
		ECD56D742AFAC91B00BEFAD8 /* LaunchScreen.storyboard in Resources */ = {isa = PBXBuildFile; fileRef = ECD56D732AFAC91B00BEFAD8 /* LaunchScreen.storyboard */; };
/* End PBXBuildFile section */

/* Begin PBXContainerItemProxy section */
		D1108C002AF00911008E6D97 /* PBXContainerItemProxy */ = {
			isa = PBXContainerItemProxy;
			containerPortal = D1108BE72AF00910008E6D97 /* Project object */;
			proxyType = 1;
			remoteGlobalIDString = D1108BEE2AF00910008E6D97;
			remoteInfo = TrainingTest;
		};
		D1108C0A2AF00911008E6D97 /* PBXContainerItemProxy */ = {
			isa = PBXContainerItemProxy;
			containerPortal = D1108BE72AF00910008E6D97 /* Project object */;
			proxyType = 1;
			remoteGlobalIDString = D1108BEE2AF00910008E6D97;
			remoteInfo = TrainingTest;
		};
/* End PBXContainerItemProxy section */

/* Begin PBXFileReference section */
		D1108BEF2AF00910008E6D97 /* TrainingTest.app */ = {isa = PBXFileReference; explicitFileType = wrapper.application; includeInIndex = 0; path = TrainingTest.app; sourceTree = BUILT_PRODUCTS_DIR; };
		D1108BF22AF00910008E6D97 /* TrainingTestApp.swift */ = {isa = PBXFileReference; lastKnownFileType = sourcecode.swift; path = TrainingTestApp.swift; sourceTree = "<group>"; };
		D1108BF62AF00911008E6D97 /* Assets.xcassets */ = {isa = PBXFileReference; lastKnownFileType = folder.assetcatalog; path = Assets.xcassets; sourceTree = "<group>"; };
		D1108BF92AF00911008E6D97 /* Preview Assets.xcassets */ = {isa = PBXFileReference; lastKnownFileType = folder.assetcatalog; path = "Preview Assets.xcassets"; sourceTree = "<group>"; };
		D1108BFF2AF00911008E6D97 /* TrainingTestTests.xctest */ = {isa = PBXFileReference; explicitFileType = wrapper.cfbundle; includeInIndex = 0; path = TrainingTestTests.xctest; sourceTree = BUILT_PRODUCTS_DIR; };
		D1108C032AF00911008E6D97 /* TrainingTestTests.swift */ = {isa = PBXFileReference; lastKnownFileType = sourcecode.swift; path = TrainingTestTests.swift; sourceTree = "<group>"; };
		D1108C092AF00911008E6D97 /* TrainingTestUITests.xctest */ = {isa = PBXFileReference; explicitFileType = wrapper.cfbundle; includeInIndex = 0; path = TrainingTestUITests.xctest; sourceTree = BUILT_PRODUCTS_DIR; };
		D1108C0D2AF00911008E6D97 /* TrainingTestUITests.swift */ = {isa = PBXFileReference; lastKnownFileType = sourcecode.swift; path = TrainingTestUITests.swift; sourceTree = "<group>"; };
		D1108C0F2AF00911008E6D97 /* TrainingTestUITestsLaunchTests.swift */ = {isa = PBXFileReference; lastKnownFileType = sourcecode.swift; path = TrainingTestUITestsLaunchTests.swift; sourceTree = "<group>"; };
		D1108C1D2AF01173008E6D97 /* Data */ = {isa = PBXFileReference; lastKnownFileType = wrapper; path = Data; sourceTree = "<group>"; };
		D1108C212AF01263008E6D97 /* Shared */ = {isa = PBXFileReference; lastKnownFileType = wrapper; path = Shared; sourceTree = "<group>"; };
		D1108C222AF012D5008E6D97 /* Presentation */ = {isa = PBXFileReference; lastKnownFileType = wrapper; path = Presentation; sourceTree = "<group>"; };
		D1108C242AF0138E008E6D97 /* Domain */ = {isa = PBXFileReference; lastKnownFileType = wrapper; path = Domain; sourceTree = "<group>"; };
		ECD56D732AFAC91B00BEFAD8 /* LaunchScreen.storyboard */ = {isa = PBXFileReference; lastKnownFileType = file.storyboard; path = LaunchScreen.storyboard; sourceTree = "<group>"; };
/* End PBXFileReference section */

/* Begin PBXFrameworksBuildPhase section */
		D1108BEC2AF00910008E6D97 /* Frameworks */ = {
			isa = PBXFrameworksBuildPhase;
			buildActionMask = 2147483647;
			files = (
				D19ED0F62AFD35DF004358FC /* Domain in Frameworks */,
				D19ED0F82AFD35DF004358FC /* Shared in Frameworks */,
				D19ED0F42AFD35DF004358FC /* Data in Frameworks */,
				D1E11EA92AFE8E2C00420F04 /* CouchbaseLiteWrapper in Frameworks */,
				D19ED0F22AFD35CF004358FC /* Presentation in Frameworks */,
			);
			runOnlyForDeploymentPostprocessing = 0;
		};
		D1108BFC2AF00911008E6D97 /* Frameworks */ = {
			isa = PBXFrameworksBuildPhase;
			buildActionMask = 2147483647;
			files = (
			);
			runOnlyForDeploymentPostprocessing = 0;
		};
		D1108C062AF00911008E6D97 /* Frameworks */ = {
			isa = PBXFrameworksBuildPhase;
			buildActionMask = 2147483647;
			files = (
			);
			runOnlyForDeploymentPostprocessing = 0;
		};
/* End PBXFrameworksBuildPhase section */

/* Begin PBXGroup section */
		D1108BE62AF00910008E6D97 = {
			isa = PBXGroup;
			children = (
				D1108C1C2AF0108E008E6D97 /* Package */,
				D1108BF12AF00910008E6D97 /* TrainingTest */,
				D1108C022AF00911008E6D97 /* TrainingTestTests */,
				D1108C0C2AF00911008E6D97 /* TrainingTestUITests */,
				D1108BF02AF00910008E6D97 /* Products */,
				D19ED0F02AFD35CF004358FC /* Frameworks */,
			);
			sourceTree = "<group>";
		};
		D1108BF02AF00910008E6D97 /* Products */ = {
			isa = PBXGroup;
			children = (
				D1108BEF2AF00910008E6D97 /* TrainingTest.app */,
				D1108BFF2AF00911008E6D97 /* TrainingTestTests.xctest */,
				D1108C092AF00911008E6D97 /* TrainingTestUITests.xctest */,
			);
			name = Products;
			sourceTree = "<group>";
		};
		D1108BF12AF00910008E6D97 /* TrainingTest */ = {
			isa = PBXGroup;
			children = (
				D1108BF22AF00910008E6D97 /* TrainingTestApp.swift */,
				ECD56D732AFAC91B00BEFAD8 /* LaunchScreen.storyboard */,
				D1108C282AF03C04008E6D97 /* Resources */,
				D1108BF82AF00911008E6D97 /* Preview Content */,
			);
			path = TrainingTest;
			sourceTree = "<group>";
		};
		D1108BF82AF00911008E6D97 /* Preview Content */ = {
			isa = PBXGroup;
			children = (
				D1108BF92AF00911008E6D97 /* Preview Assets.xcassets */,
			);
			path = "Preview Content";
			sourceTree = "<group>";
		};
		D1108C022AF00911008E6D97 /* TrainingTestTests */ = {
			isa = PBXGroup;
			children = (
				D1108C032AF00911008E6D97 /* TrainingTestTests.swift */,
			);
			path = TrainingTestTests;
			sourceTree = "<group>";
		};
		D1108C0C2AF00911008E6D97 /* TrainingTestUITests */ = {
			isa = PBXGroup;
			children = (
				D1108C0D2AF00911008E6D97 /* TrainingTestUITests.swift */,
				D1108C0F2AF00911008E6D97 /* TrainingTestUITestsLaunchTests.swift */,
			);
			path = TrainingTestUITests;
			sourceTree = "<group>";
		};
		D1108C1C2AF0108E008E6D97 /* Package */ = {
			isa = PBXGroup;
			children = (
				D1108C1D2AF01173008E6D97 /* Data */,
				D1108C242AF0138E008E6D97 /* Domain */,
				D1108C222AF012D5008E6D97 /* Presentation */,
				D1108C212AF01263008E6D97 /* Shared */,
			);
			path = Package;
			sourceTree = "<group>";
		};
		D1108C282AF03C04008E6D97 /* Resources */ = {
			isa = PBXGroup;
			children = (
				D1108BF62AF00911008E6D97 /* Assets.xcassets */,
			);
			path = Resources;
			sourceTree = "<group>";
		};
		D19ED0F02AFD35CF004358FC /* Frameworks */ = {
			isa = PBXGroup;
			children = (
			);
			name = Frameworks;
			sourceTree = "<group>";
		};
/* End PBXGroup section */

/* Begin PBXNativeTarget section */
		D1108BEE2AF00910008E6D97 /* TrainingTest */ = {
			isa = PBXNativeTarget;
			buildConfigurationList = D1108C132AF00911008E6D97 /* Build configuration list for PBXNativeTarget "TrainingTest" */;
			buildPhases = (
				D1108BEB2AF00910008E6D97 /* Sources */,
				D1108BEC2AF00910008E6D97 /* Frameworks */,
				D1108BED2AF00910008E6D97 /* Resources */,
			);
			buildRules = (
			);
			dependencies = (
				D1108C362AF04531008E6D97 /* PBXTargetDependency */,
				D1108C302AF044D4008E6D97 /* PBXTargetDependency */,
				D1108C322AF044D4008E6D97 /* PBXTargetDependency */,
				D1108C342AF044D4008E6D97 /* PBXTargetDependency */,
			);
			name = TrainingTest;
			packageProductDependencies = (
				D19ED0F12AFD35CF004358FC /* Presentation */,
				D19ED0F32AFD35DF004358FC /* Data */,
				D19ED0F52AFD35DF004358FC /* Domain */,
				D19ED0F72AFD35DF004358FC /* Shared */,
				D1E11EA82AFE8E2C00420F04 /* CouchbaseLiteWrapper */,
			);
			productName = TrainingTest;
			productReference = D1108BEF2AF00910008E6D97 /* TrainingTest.app */;
			productType = "com.apple.product-type.application";
		};
		D1108BFE2AF00911008E6D97 /* TrainingTestTests */ = {
			isa = PBXNativeTarget;
			buildConfigurationList = D1108C162AF00911008E6D97 /* Build configuration list for PBXNativeTarget "TrainingTestTests" */;
			buildPhases = (
				D1108BFB2AF00911008E6D97 /* Sources */,
				D1108BFC2AF00911008E6D97 /* Frameworks */,
				D1108BFD2AF00911008E6D97 /* Resources */,
			);
			buildRules = (
			);
			dependencies = (
				D1108C012AF00911008E6D97 /* PBXTargetDependency */,
			);
			name = TrainingTestTests;
			productName = TrainingTestTests;
			productReference = D1108BFF2AF00911008E6D97 /* TrainingTestTests.xctest */;
			productType = "com.apple.product-type.bundle.unit-test";
		};
		D1108C082AF00911008E6D97 /* TrainingTestUITests */ = {
			isa = PBXNativeTarget;
			buildConfigurationList = D1108C192AF00911008E6D97 /* Build configuration list for PBXNativeTarget "TrainingTestUITests" */;
			buildPhases = (
				D1108C052AF00911008E6D97 /* Sources */,
				D1108C062AF00911008E6D97 /* Frameworks */,
				D1108C072AF00911008E6D97 /* Resources */,
			);
			buildRules = (
			);
			dependencies = (
				D1108C0B2AF00911008E6D97 /* PBXTargetDependency */,
			);
			name = TrainingTestUITests;
			productName = TrainingTestUITests;
			productReference = D1108C092AF00911008E6D97 /* TrainingTestUITests.xctest */;
			productType = "com.apple.product-type.bundle.ui-testing";
		};
/* End PBXNativeTarget section */

/* Begin PBXProject section */
		D1108BE72AF00910008E6D97 /* Project object */ = {
			isa = PBXProject;
			attributes = {
				BuildIndependentTargetsInParallel = 1;
				LastSwiftUpdateCheck = 1500;
				LastUpgradeCheck = 1500;
				TargetAttributes = {
					D1108BEE2AF00910008E6D97 = {
						CreatedOnToolsVersion = 15.0;
					};
					D1108BFE2AF00911008E6D97 = {
						CreatedOnToolsVersion = 15.0;
						TestTargetID = D1108BEE2AF00910008E6D97;
					};
					D1108C082AF00911008E6D97 = {
						CreatedOnToolsVersion = 15.0;
						TestTargetID = D1108BEE2AF00910008E6D97;
					};
				};
			};
			buildConfigurationList = D1108BEA2AF00910008E6D97 /* Build configuration list for PBXProject "TrainingTest" */;
			compatibilityVersion = "Xcode 14.0";
			developmentRegion = en;
			hasScannedForEncodings = 0;
			knownRegions = (
				en,
				Base,
			);
			mainGroup = D1108BE62AF00910008E6D97;
			packageReferences = (
				D1E11EA72AFE8E2C00420F04 /* XCRemoteSwiftPackageReference "couchbase-lite-wrapper-ios" */,
			);
			productRefGroup = D1108BF02AF00910008E6D97 /* Products */;
			projectDirPath = "";
			projectRoot = "";
			targets = (
				D1108BEE2AF00910008E6D97 /* TrainingTest */,
				D1108BFE2AF00911008E6D97 /* TrainingTestTests */,
				D1108C082AF00911008E6D97 /* TrainingTestUITests */,
			);
		};
/* End PBXProject section */

/* Begin PBXResourcesBuildPhase section */
		D1108BED2AF00910008E6D97 /* Resources */ = {
			isa = PBXResourcesBuildPhase;
			buildActionMask = 2147483647;
			files = (
				ECD56D742AFAC91B00BEFAD8 /* LaunchScreen.storyboard in Resources */,
				D1108BFA2AF00911008E6D97 /* Preview Assets.xcassets in Resources */,
				D1108BF72AF00911008E6D97 /* Assets.xcassets in Resources */,
			);
			runOnlyForDeploymentPostprocessing = 0;
		};
		D1108BFD2AF00911008E6D97 /* Resources */ = {
			isa = PBXResourcesBuildPhase;
			buildActionMask = 2147483647;
			files = (
			);
			runOnlyForDeploymentPostprocessing = 0;
		};
		D1108C072AF00911008E6D97 /* Resources */ = {
			isa = PBXResourcesBuildPhase;
			buildActionMask = 2147483647;
			files = (
			);
			runOnlyForDeploymentPostprocessing = 0;
		};
/* End PBXResourcesBuildPhase section */

/* Begin PBXSourcesBuildPhase section */
		D1108BEB2AF00910008E6D97 /* Sources */ = {
			isa = PBXSourcesBuildPhase;
			buildActionMask = 2147483647;
			files = (
				D1108BF32AF00910008E6D97 /* TrainingTestApp.swift in Sources */,
			);
			runOnlyForDeploymentPostprocessing = 0;
		};
		D1108BFB2AF00911008E6D97 /* Sources */ = {
			isa = PBXSourcesBuildPhase;
			buildActionMask = 2147483647;
			files = (
				D1108C042AF00911008E6D97 /* TrainingTestTests.swift in Sources */,
			);
			runOnlyForDeploymentPostprocessing = 0;
		};
		D1108C052AF00911008E6D97 /* Sources */ = {
			isa = PBXSourcesBuildPhase;
			buildActionMask = 2147483647;
			files = (
				D1108C102AF00911008E6D97 /* TrainingTestUITestsLaunchTests.swift in Sources */,
				D1108C0E2AF00911008E6D97 /* TrainingTestUITests.swift in Sources */,
			);
			runOnlyForDeploymentPostprocessing = 0;
		};
/* End PBXSourcesBuildPhase section */

/* Begin PBXTargetDependency section */
		D1108C012AF00911008E6D97 /* PBXTargetDependency */ = {
			isa = PBXTargetDependency;
			target = D1108BEE2AF00910008E6D97 /* TrainingTest */;
			targetProxy = D1108C002AF00911008E6D97 /* PBXContainerItemProxy */;
		};
		D1108C0B2AF00911008E6D97 /* PBXTargetDependency */ = {
			isa = PBXTargetDependency;
			target = D1108BEE2AF00910008E6D97 /* TrainingTest */;
			targetProxy = D1108C0A2AF00911008E6D97 /* PBXContainerItemProxy */;
		};
		D1108C302AF044D4008E6D97 /* PBXTargetDependency */ = {
			isa = PBXTargetDependency;
			productRef = D1108C2F2AF044D4008E6D97 /* Domain */;
		};
		D1108C322AF044D4008E6D97 /* PBXTargetDependency */ = {
			isa = PBXTargetDependency;
			productRef = D1108C312AF044D4008E6D97 /* Presentation */;
		};
		D1108C342AF044D4008E6D97 /* PBXTargetDependency */ = {
			isa = PBXTargetDependency;
			productRef = D1108C332AF044D4008E6D97 /* Shared */;
		};
		D1108C362AF04531008E6D97 /* PBXTargetDependency */ = {
			isa = PBXTargetDependency;
			productRef = D1108C352AF04531008E6D97 /* Data */;
		};
/* End PBXTargetDependency section */

/* Begin XCBuildConfiguration section */
		D1108C112AF00911008E6D97 /* Debug */ = {
			isa = XCBuildConfiguration;
			buildSettings = {
				ALWAYS_SEARCH_USER_PATHS = NO;
				ASSETCATALOG_COMPILER_GENERATE_SWIFT_ASSET_SYMBOL_EXTENSIONS = YES;
				CLANG_ANALYZER_NONNULL = YES;
				CLANG_ANALYZER_NUMBER_OBJECT_CONVERSION = YES_AGGRESSIVE;
				CLANG_CXX_LANGUAGE_STANDARD = "gnu++20";
				CLANG_ENABLE_MODULES = YES;
				CLANG_ENABLE_OBJC_ARC = YES;
				CLANG_ENABLE_OBJC_WEAK = YES;
				CLANG_WARN_BLOCK_CAPTURE_AUTORELEASING = YES;
				CLANG_WARN_BOOL_CONVERSION = YES;
				CLANG_WARN_COMMA = YES;
				CLANG_WARN_CONSTANT_CONVERSION = YES;
				CLANG_WARN_DEPRECATED_OBJC_IMPLEMENTATIONS = YES;
				CLANG_WARN_DIRECT_OBJC_ISA_USAGE = YES_ERROR;
				CLANG_WARN_DOCUMENTATION_COMMENTS = YES;
				CLANG_WARN_EMPTY_BODY = YES;
				CLANG_WARN_ENUM_CONVERSION = YES;
				CLANG_WARN_INFINITE_RECURSION = YES;
				CLANG_WARN_INT_CONVERSION = YES;
				CLANG_WARN_NON_LITERAL_NULL_CONVERSION = YES;
				CLANG_WARN_OBJC_IMPLICIT_RETAIN_SELF = YES;
				CLANG_WARN_OBJC_LITERAL_CONVERSION = YES;
				CLANG_WARN_OBJC_ROOT_CLASS = YES_ERROR;
				CLANG_WARN_QUOTED_INCLUDE_IN_FRAMEWORK_HEADER = YES;
				CLANG_WARN_RANGE_LOOP_ANALYSIS = YES;
				CLANG_WARN_STRICT_PROTOTYPES = YES;
				CLANG_WARN_SUSPICIOUS_MOVE = YES;
				CLANG_WARN_UNGUARDED_AVAILABILITY = YES_AGGRESSIVE;
				CLANG_WARN_UNREACHABLE_CODE = YES;
				CLANG_WARN__DUPLICATE_METHOD_MATCH = YES;
				COPY_PHASE_STRIP = NO;
				DEBUG_INFORMATION_FORMAT = dwarf;
				ENABLE_STRICT_OBJC_MSGSEND = YES;
				ENABLE_TESTABILITY = YES;
				ENABLE_USER_SCRIPT_SANDBOXING = YES;
				GCC_C_LANGUAGE_STANDARD = gnu17;
				GCC_DYNAMIC_NO_PIC = NO;
				GCC_NO_COMMON_BLOCKS = YES;
				GCC_OPTIMIZATION_LEVEL = 0;
				GCC_PREPROCESSOR_DEFINITIONS = (
					"DEBUG=1",
					"$(inherited)",
				);
				GCC_WARN_64_TO_32_BIT_CONVERSION = YES;
				GCC_WARN_ABOUT_RETURN_TYPE = YES_ERROR;
				GCC_WARN_UNDECLARED_SELECTOR = YES;
				GCC_WARN_UNINITIALIZED_AUTOS = YES_AGGRESSIVE;
				GCC_WARN_UNUSED_FUNCTION = YES;
				GCC_WARN_UNUSED_VARIABLE = YES;
				IPHONEOS_DEPLOYMENT_TARGET = 17.0;
				LOCALIZATION_PREFERS_STRING_CATALOGS = YES;
				MTL_ENABLE_DEBUG_INFO = INCLUDE_SOURCE;
				MTL_FAST_MATH = YES;
				ONLY_ACTIVE_ARCH = YES;
				SDKROOT = iphoneos;
				SWIFT_ACTIVE_COMPILATION_CONDITIONS = "DEBUG $(inherited)";
				SWIFT_OPTIMIZATION_LEVEL = "-Onone";
			};
			name = Debug;
		};
		D1108C122AF00911008E6D97 /* Release */ = {
			isa = XCBuildConfiguration;
			buildSettings = {
				ALWAYS_SEARCH_USER_PATHS = NO;
				ASSETCATALOG_COMPILER_GENERATE_SWIFT_ASSET_SYMBOL_EXTENSIONS = YES;
				CLANG_ANALYZER_NONNULL = YES;
				CLANG_ANALYZER_NUMBER_OBJECT_CONVERSION = YES_AGGRESSIVE;
				CLANG_CXX_LANGUAGE_STANDARD = "gnu++20";
				CLANG_ENABLE_MODULES = YES;
				CLANG_ENABLE_OBJC_ARC = YES;
				CLANG_ENABLE_OBJC_WEAK = YES;
				CLANG_WARN_BLOCK_CAPTURE_AUTORELEASING = YES;
				CLANG_WARN_BOOL_CONVERSION = YES;
				CLANG_WARN_COMMA = YES;
				CLANG_WARN_CONSTANT_CONVERSION = YES;
				CLANG_WARN_DEPRECATED_OBJC_IMPLEMENTATIONS = YES;
				CLANG_WARN_DIRECT_OBJC_ISA_USAGE = YES_ERROR;
				CLANG_WARN_DOCUMENTATION_COMMENTS = YES;
				CLANG_WARN_EMPTY_BODY = YES;
				CLANG_WARN_ENUM_CONVERSION = YES;
				CLANG_WARN_INFINITE_RECURSION = YES;
				CLANG_WARN_INT_CONVERSION = YES;
				CLANG_WARN_NON_LITERAL_NULL_CONVERSION = YES;
				CLANG_WARN_OBJC_IMPLICIT_RETAIN_SELF = YES;
				CLANG_WARN_OBJC_LITERAL_CONVERSION = YES;
				CLANG_WARN_OBJC_ROOT_CLASS = YES_ERROR;
				CLANG_WARN_QUOTED_INCLUDE_IN_FRAMEWORK_HEADER = YES;
				CLANG_WARN_RANGE_LOOP_ANALYSIS = YES;
				CLANG_WARN_STRICT_PROTOTYPES = YES;
				CLANG_WARN_SUSPICIOUS_MOVE = YES;
				CLANG_WARN_UNGUARDED_AVAILABILITY = YES_AGGRESSIVE;
				CLANG_WARN_UNREACHABLE_CODE = YES;
				CLANG_WARN__DUPLICATE_METHOD_MATCH = YES;
				COPY_PHASE_STRIP = NO;
				DEBUG_INFORMATION_FORMAT = "dwarf-with-dsym";
				ENABLE_NS_ASSERTIONS = NO;
				ENABLE_STRICT_OBJC_MSGSEND = YES;
				ENABLE_USER_SCRIPT_SANDBOXING = YES;
				GCC_C_LANGUAGE_STANDARD = gnu17;
				GCC_NO_COMMON_BLOCKS = YES;
				GCC_WARN_64_TO_32_BIT_CONVERSION = YES;
				GCC_WARN_ABOUT_RETURN_TYPE = YES_ERROR;
				GCC_WARN_UNDECLARED_SELECTOR = YES;
				GCC_WARN_UNINITIALIZED_AUTOS = YES_AGGRESSIVE;
				GCC_WARN_UNUSED_FUNCTION = YES;
				GCC_WARN_UNUSED_VARIABLE = YES;
				IPHONEOS_DEPLOYMENT_TARGET = 17.0;
				LOCALIZATION_PREFERS_STRING_CATALOGS = YES;
				MTL_ENABLE_DEBUG_INFO = NO;
				MTL_FAST_MATH = YES;
				SDKROOT = iphoneos;
				SWIFT_COMPILATION_MODE = wholemodule;
				VALIDATE_PRODUCT = YES;
			};
			name = Release;
		};
		D1108C142AF00911008E6D97 /* Debug */ = {
			isa = XCBuildConfiguration;
			buildSettings = {
				ASSETCATALOG_COMPILER_APPICON_NAME = AppIcon;
				ASSETCATALOG_COMPILER_GLOBAL_ACCENT_COLOR_NAME = AccentColor;
				CODE_SIGN_IDENTITY = "Apple Development";
				CODE_SIGN_STYLE = Automatic;
				CURRENT_PROJECT_VERSION = 1;
				DEVELOPMENT_ASSET_PATHS = "\"TrainingTest/Preview Content\"";
				DEVELOPMENT_TEAM = "";
				ENABLE_PREVIEWS = YES;
				GENERATE_INFOPLIST_FILE = YES;
				INFOPLIST_KEY_NSCameraUsageDescription = "Would like to use the camera to take photos";
				INFOPLIST_KEY_UIApplicationSceneManifest_Generation = YES;
				INFOPLIST_KEY_UIApplicationSupportsIndirectInputEvents = YES;
				INFOPLIST_KEY_UILaunchScreen_Generation = YES;
				INFOPLIST_KEY_UILaunchStoryboardName = LaunchScreen.storyboard;
				INFOPLIST_KEY_UISupportedInterfaceOrientations_iPad = "UIInterfaceOrientationPortrait UIInterfaceOrientationPortraitUpsideDown UIInterfaceOrientationLandscapeLeft UIInterfaceOrientationLandscapeRight";
				INFOPLIST_KEY_UISupportedInterfaceOrientations_iPhone = "UIInterfaceOrientationPortrait UIInterfaceOrientationLandscapeLeft UIInterfaceOrientationLandscapeRight";
				IPHONEOS_DEPLOYMENT_TARGET = 17.0;
				LD_RUNPATH_SEARCH_PATHS = (
					"$(inherited)",
					"@executable_path/Frameworks",
				);
				MARKETING_VERSION = 1.0;
				PRODUCT_BUNDLE_IDENTIFIER = com.trainingTest.TrainingTest;
				PRODUCT_NAME = "$(TARGET_NAME)";
				PROVISIONING_PROFILE_SPECIFIER = "";
				SWIFT_EMIT_LOC_STRINGS = YES;
				SWIFT_VERSION = 5.0;
				TARGETED_DEVICE_FAMILY = "1,2";
			};
			name = Debug;
		};
		D1108C152AF00911008E6D97 /* Release */ = {
			isa = XCBuildConfiguration;
			buildSettings = {
				ASSETCATALOG_COMPILER_APPICON_NAME = AppIcon;
				ASSETCATALOG_COMPILER_GLOBAL_ACCENT_COLOR_NAME = AccentColor;
				CODE_SIGN_IDENTITY = "Apple Development";
				CODE_SIGN_STYLE = Automatic;
				CURRENT_PROJECT_VERSION = 1;
				DEVELOPMENT_ASSET_PATHS = "\"TrainingTest/Preview Content\"";
				DEVELOPMENT_TEAM = "";
				ENABLE_PREVIEWS = YES;
				GENERATE_INFOPLIST_FILE = YES;
				INFOPLIST_KEY_NSCameraUsageDescription = "Would like to use the camera to take photos";
				INFOPLIST_KEY_UIApplicationSceneManifest_Generation = YES;
				INFOPLIST_KEY_UIApplicationSupportsIndirectInputEvents = YES;
				INFOPLIST_KEY_UILaunchScreen_Generation = YES;
				INFOPLIST_KEY_UILaunchStoryboardName = LaunchScreen.storyboard;
				INFOPLIST_KEY_UISupportedInterfaceOrientations_iPad = "UIInterfaceOrientationPortrait UIInterfaceOrientationPortraitUpsideDown UIInterfaceOrientationLandscapeLeft UIInterfaceOrientationLandscapeRight";
				INFOPLIST_KEY_UISupportedInterfaceOrientations_iPhone = "UIInterfaceOrientationPortrait UIInterfaceOrientationLandscapeLeft UIInterfaceOrientationLandscapeRight";
				IPHONEOS_DEPLOYMENT_TARGET = 17.0;
				LD_RUNPATH_SEARCH_PATHS = (
					"$(inherited)",
					"@executable_path/Frameworks",
				);
				MARKETING_VERSION = 1.0;
				PRODUCT_BUNDLE_IDENTIFIER = com.trainingTest.TrainingTest;
				PRODUCT_NAME = "$(TARGET_NAME)";
				PROVISIONING_PROFILE_SPECIFIER = "";
				SWIFT_EMIT_LOC_STRINGS = YES;
				SWIFT_VERSION = 5.0;
				TARGETED_DEVICE_FAMILY = "1,2";
			};
			name = Release;
		};
		D1108C172AF00911008E6D97 /* Debug */ = {
			isa = XCBuildConfiguration;
			buildSettings = {
				ALWAYS_EMBED_SWIFT_STANDARD_LIBRARIES = YES;
				BUNDLE_LOADER = "$(TEST_HOST)";
				CODE_SIGN_STYLE = Automatic;
				CURRENT_PROJECT_VERSION = 1;
				DEVELOPMENT_TEAM = NCKUL6BZ4Z;
				GENERATE_INFOPLIST_FILE = YES;
				IPHONEOS_DEPLOYMENT_TARGET = 17.0;
				MARKETING_VERSION = 1.0;
				PRODUCT_BUNDLE_IDENTIFIER = com.trainingTest.TrainingTestTests;
				PRODUCT_NAME = "$(TARGET_NAME)";
				SWIFT_EMIT_LOC_STRINGS = NO;
				SWIFT_VERSION = 5.0;
				TARGETED_DEVICE_FAMILY = "1,2";
				TEST_HOST = "$(BUILT_PRODUCTS_DIR)/TrainingTest.app/$(BUNDLE_EXECUTABLE_FOLDER_PATH)/TrainingTest";
			};
			name = Debug;
		};
		D1108C182AF00911008E6D97 /* Release */ = {
			isa = XCBuildConfiguration;
			buildSettings = {
				ALWAYS_EMBED_SWIFT_STANDARD_LIBRARIES = YES;
				BUNDLE_LOADER = "$(TEST_HOST)";
				CODE_SIGN_STYLE = Automatic;
				CURRENT_PROJECT_VERSION = 1;
				DEVELOPMENT_TEAM = NCKUL6BZ4Z;
				GENERATE_INFOPLIST_FILE = YES;
				IPHONEOS_DEPLOYMENT_TARGET = 17.0;
				MARKETING_VERSION = 1.0;
				PRODUCT_BUNDLE_IDENTIFIER = com.trainingTest.TrainingTestTests;
				PRODUCT_NAME = "$(TARGET_NAME)";
				SWIFT_EMIT_LOC_STRINGS = NO;
				SWIFT_VERSION = 5.0;
				TARGETED_DEVICE_FAMILY = "1,2";
				TEST_HOST = "$(BUILT_PRODUCTS_DIR)/TrainingTest.app/$(BUNDLE_EXECUTABLE_FOLDER_PATH)/TrainingTest";
			};
			name = Release;
		};
		D1108C1A2AF00911008E6D97 /* Debug */ = {
			isa = XCBuildConfiguration;
			buildSettings = {
				ALWAYS_EMBED_SWIFT_STANDARD_LIBRARIES = YES;
				CODE_SIGN_STYLE = Automatic;
				CURRENT_PROJECT_VERSION = 1;
				DEVELOPMENT_TEAM = NCKUL6BZ4Z;
				GENERATE_INFOPLIST_FILE = YES;
				MARKETING_VERSION = 1.0;
				PRODUCT_BUNDLE_IDENTIFIER = com.trainingTest.TrainingTestUITests;
				PRODUCT_NAME = "$(TARGET_NAME)";
				SWIFT_EMIT_LOC_STRINGS = NO;
				SWIFT_VERSION = 5.0;
				TARGETED_DEVICE_FAMILY = "1,2";
				TEST_TARGET_NAME = TrainingTest;
			};
			name = Debug;
		};
		D1108C1B2AF00911008E6D97 /* Release */ = {
			isa = XCBuildConfiguration;
			buildSettings = {
				ALWAYS_EMBED_SWIFT_STANDARD_LIBRARIES = YES;
				CODE_SIGN_STYLE = Automatic;
				CURRENT_PROJECT_VERSION = 1;
				DEVELOPMENT_TEAM = NCKUL6BZ4Z;
				GENERATE_INFOPLIST_FILE = YES;
				MARKETING_VERSION = 1.0;
				PRODUCT_BUNDLE_IDENTIFIER = com.trainingTest.TrainingTestUITests;
				PRODUCT_NAME = "$(TARGET_NAME)";
				SWIFT_EMIT_LOC_STRINGS = NO;
				SWIFT_VERSION = 5.0;
				TARGETED_DEVICE_FAMILY = "1,2";
				TEST_TARGET_NAME = TrainingTest;
			};
			name = Release;
		};
/* End XCBuildConfiguration section */

/* Begin XCConfigurationList section */
		D1108BEA2AF00910008E6D97 /* Build configuration list for PBXProject "TrainingTest" */ = {
			isa = XCConfigurationList;
			buildConfigurations = (
				D1108C112AF00911008E6D97 /* Debug */,
				D1108C122AF00911008E6D97 /* Release */,
			);
			defaultConfigurationIsVisible = 0;
			defaultConfigurationName = Release;
		};
		D1108C132AF00911008E6D97 /* Build configuration list for PBXNativeTarget "TrainingTest" */ = {
			isa = XCConfigurationList;
			buildConfigurations = (
				D1108C142AF00911008E6D97 /* Debug */,
				D1108C152AF00911008E6D97 /* Release */,
			);
			defaultConfigurationIsVisible = 0;
			defaultConfigurationName = Release;
		};
		D1108C162AF00911008E6D97 /* Build configuration list for PBXNativeTarget "TrainingTestTests" */ = {
			isa = XCConfigurationList;
			buildConfigurations = (
				D1108C172AF00911008E6D97 /* Debug */,
				D1108C182AF00911008E6D97 /* Release */,
			);
			defaultConfigurationIsVisible = 0;
			defaultConfigurationName = Release;
		};
		D1108C192AF00911008E6D97 /* Build configuration list for PBXNativeTarget "TrainingTestUITests" */ = {
			isa = XCConfigurationList;
			buildConfigurations = (
				D1108C1A2AF00911008E6D97 /* Debug */,
				D1108C1B2AF00911008E6D97 /* Release */,
			);
			defaultConfigurationIsVisible = 0;
			defaultConfigurationName = Release;
		};
/* End XCConfigurationList section */

/* Begin XCRemoteSwiftPackageReference section */
		D1E11EA72AFE8E2C00420F04 /* XCRemoteSwiftPackageReference "couchbase-lite-wrapper-ios" */ = {
			isa = XCRemoteSwiftPackageReference;
			repositoryURL = "https://github.com/koombea/couchbase-lite-wrapper-ios.git";
			requirement = {
				kind = upToNextMajorVersion;
				minimumVersion = 1.0.1;
			};
		};
/* End XCRemoteSwiftPackageReference section */

/* Begin XCSwiftPackageProductDependency section */
		D1108C2F2AF044D4008E6D97 /* Domain */ = {
			isa = XCSwiftPackageProductDependency;
			productName = Domain;
		};
		D1108C312AF044D4008E6D97 /* Presentation */ = {
			isa = XCSwiftPackageProductDependency;
			productName = Presentation;
		};
		D1108C332AF044D4008E6D97 /* Shared */ = {
			isa = XCSwiftPackageProductDependency;
			productName = Shared;
		};
		D1108C352AF04531008E6D97 /* Data */ = {
			isa = XCSwiftPackageProductDependency;
			productName = Data;
		};
		D19ED0F12AFD35CF004358FC /* Presentation */ = {
			isa = XCSwiftPackageProductDependency;
			productName = Presentation;
		};
		D19ED0F32AFD35DF004358FC /* Data */ = {
			isa = XCSwiftPackageProductDependency;
			productName = Data;
		};
		D19ED0F52AFD35DF004358FC /* Domain */ = {
			isa = XCSwiftPackageProductDependency;
			productName = Domain;
		};
		D19ED0F72AFD35DF004358FC /* Shared */ = {
			isa = XCSwiftPackageProductDependency;
			productName = Shared;
		};
		D1E11EA82AFE8E2C00420F04 /* CouchbaseLiteWrapper */ = {
			isa = XCSwiftPackageProductDependency;
			package = D1E11EA72AFE8E2C00420F04 /* XCRemoteSwiftPackageReference "couchbase-lite-wrapper-ios" */;
			productName = CouchbaseLiteWrapper;
		};
/* End XCSwiftPackageProductDependency section */
	};
	rootObject = D1108BE72AF00910008E6D97 /* Project object */;
}
