// !$*UTF8*$!
{
	archiveVersion = 1;
	classes = {
	};
	objectVersion = 56;
	objects = {

/* Begin PBXBuildFile section */
		D1108BF32AF00910008E6D97 /* TrainingTestApp.swift in Sources */ = {isa = PBXBuildFile; fileRef = D1108BF22AF00910008E6D97 /* TrainingTestApp.swift */; };
		D1108BF72AF00911008E6D97 /* Assets.xcassets in Resources */ = {isa = PBXBuildFile; fileRef = D1108BF62AF00911008E6D97 /* Assets.xcassets */; };
		D1108BFA2AF00911008E6D97 /* Preview Assets.xcassets in Resources */ = {isa = PBXBuildFile; fileRef = D1108BF92AF00911008E6D97 /* Preview Assets.xcassets */; };
		D1108C042AF00911008E6D97 /* TrainingTestTests.swift in Sources */ = {isa = PBXBuildFile; fileRef = D1108C032AF00911008E6D97 /* TrainingTestTests.swift */; };
		D1108C0E2AF00911008E6D97 /* TrainingTestUITests.swift in Sources */ = {isa = PBXBuildFile; fileRef = D1108C0D2AF00911008E6D97 /* TrainingTestUITests.swift */; };
		D1108C102AF00911008E6D97 /* TrainingTestUITestsLaunchTests.swift in Sources */ = {isa = PBXBuildFile; fileRef = D1108C0F2AF00911008E6D97 /* TrainingTestUITestsLaunchTests.swift */; };
		D1108C2A2AF03C41008E6D97 /* Colors.xcassets in Resources */ = {isa = PBXBuildFile; fileRef = D1108C292AF03C41008E6D97 /* Colors.xcassets */; };
		D14B5FA82AF44D4C004DD964 /* NewTransactionView.swift in Sources */ = {isa = PBXBuildFile; fileRef = D14B5FA72AF44D4C004DD964 /* NewTransactionView.swift */; };
		D14B5FAB2AF48F0A004DD964 /* CategorySelectorView.swift in Sources */ = {isa = PBXBuildFile; fileRef = D14B5FAA2AF48F0A004DD964 /* CategorySelectorView.swift */; };
		D14B5FAD2AF4B083004DD964 /* PayMethodSelectorView.swift in Sources */ = {isa = PBXBuildFile; fileRef = D14B5FAC2AF4B083004DD964 /* PayMethodSelectorView.swift */; };
		D14B5FB02AF4B504004DD964 /* TransactionOptionView.swift in Sources */ = {isa = PBXBuildFile; fileRef = D14B5FAF2AF4B504004DD964 /* TransactionOptionView.swift */; };
		D14B5FB22AF55401004DD964 /* ValueTransactionTextFieldView.swift in Sources */ = {isa = PBXBuildFile; fileRef = D14B5FB12AF55401004DD964 /* ValueTransactionTextFieldView.swift */; };
		D14B5FB62AF5868B004DD964 /* Store.swift in Sources */ = {isa = PBXBuildFile; fileRef = D14B5FB52AF5868B004DD964 /* Store.swift */; };
		D17A24732AF34BB500D43209 /* TransactionCellView.swift in Sources */ = {isa = PBXBuildFile; fileRef = D17A24722AF34BB500D43209 /* TransactionCellView.swift */; };
		D17A24762AF3DA3B00D43209 /* Transaction.swift in Sources */ = {isa = PBXBuildFile; fileRef = D17A24752AF3DA3B00D43209 /* Transaction.swift */; };
		D17A24792AF3E38700D43209 /* TransactionViewModel.swift in Sources */ = {isa = PBXBuildFile; fileRef = D17A24782AF3E38700D43209 /* TransactionViewModel.swift */; };
		D17A247C2AF3F68B00D43209 /* NewOptionTransactionView.swift in Sources */ = {isa = PBXBuildFile; fileRef = D17A247B2AF3F68B00D43209 /* NewOptionTransactionView.swift */; };
		D1DDBD072AF0A333006846D0 /* OnboardingView.swift in Sources */ = {isa = PBXBuildFile; fileRef = D1DDBD062AF0A333006846D0 /* OnboardingView.swift */; };
		D1DDBD0A2AF0AC65006846D0 /* OnboardingInfoView.swift in Sources */ = {isa = PBXBuildFile; fileRef = D1DDBD092AF0AC65006846D0 /* OnboardingInfoView.swift */; };
		D1DDBD102AF0BFAA006846D0 /* OnboardingItem.swift in Sources */ = {isa = PBXBuildFile; fileRef = D1DDBD0F2AF0BFAA006846D0 /* OnboardingItem.swift */; };
		D1DDBD142AF158CC006846D0 /* CustomButton.swift in Sources */ = {isa = PBXBuildFile; fileRef = D1DDBD132AF158CC006846D0 /* CustomButton.swift */; };
		D1DDBD182AF162C6006846D0 /* LoginView.swift in Sources */ = {isa = PBXBuildFile; fileRef = D1DDBD172AF162C6006846D0 /* LoginView.swift */; };
		D1DDBD1B2AF17446006846D0 /* CustomTextField.swift in Sources */ = {isa = PBXBuildFile; fileRef = D1DDBD1A2AF17446006846D0 /* CustomTextField.swift */; };
		D1DDBD1E2AF17DD6006846D0 /* CreateAccountView.swift in Sources */ = {isa = PBXBuildFile; fileRef = D1DDBD1D2AF17DD6006846D0 /* CreateAccountView.swift */; };
		D1DDBD202AF17EDD006846D0 /* CustomPasswordTextField.swift in Sources */ = {isa = PBXBuildFile; fileRef = D1DDBD1F2AF17EDD006846D0 /* CustomPasswordTextField.swift */; };
		D1DDBD222AF181CD006846D0 /* CustomDateTextField.swift in Sources */ = {isa = PBXBuildFile; fileRef = D1DDBD212AF181CD006846D0 /* CustomDateTextField.swift */; };
		D1DDBD252AF1E73C006846D0 /* TabBarView.swift in Sources */ = {isa = PBXBuildFile; fileRef = D1DDBD242AF1E73C006846D0 /* TabBarView.swift */; };
		D1DDBD282AF1F1BB006846D0 /* HomeView.swift in Sources */ = {isa = PBXBuildFile; fileRef = D1DDBD272AF1F1BB006846D0 /* HomeView.swift */; };
		D1DDBD2A2AF1F463006846D0 /* MonthSwitcherView.swift in Sources */ = {isa = PBXBuildFile; fileRef = D1DDBD292AF1F463006846D0 /* MonthSwitcherView.swift */; };
		D1DDBD2C2AF29A91006846D0 /* BalanceComponentView.swift in Sources */ = {isa = PBXBuildFile; fileRef = D1DDBD2B2AF29A91006846D0 /* BalanceComponentView.swift */; };
		D1DDBD772AF2D91B006846D0 /* IncomeComponentView.swift in Sources */ = {isa = PBXBuildFile; fileRef = D1DDBD762AF2D91B006846D0 /* IncomeComponentView.swift */; };
		D1DDBD792AF2D973006846D0 /* ExpensesView.swift in Sources */ = {isa = PBXBuildFile; fileRef = D1DDBD782AF2D973006846D0 /* ExpensesView.swift */; };
		D1DDBD7E2AF2DC0F006846D0 /* FrequencyView.swift in Sources */ = {isa = PBXBuildFile; fileRef = D1DDBD7D2AF2DC0F006846D0 /* FrequencyView.swift */; };
		D1DDBD822AF2E775006846D0 /* SplashScreenView.swift in Sources */ = {isa = PBXBuildFile; fileRef = D1DDBD812AF2E775006846D0 /* SplashScreenView.swift */; };
		D1DDBD842AF2F6AF006846D0 /* SelectFrequencyView.swift in Sources */ = {isa = PBXBuildFile; fileRef = D1DDBD832AF2F6AF006846D0 /* SelectFrequencyView.swift */; };
		D1DDBD872AF31022006846D0 /* RecentTransactionView.swift in Sources */ = {isa = PBXBuildFile; fileRef = D1DDBD862AF31022006846D0 /* RecentTransactionView.swift */; };
		ECD56D522AF9683500BEFAD8 /* NewTransactionViewModel.swift in Sources */ = {isa = PBXBuildFile; fileRef = ECD56D512AF9683500BEFAD8 /* NewTransactionViewModel.swift */; };
		ECD56D542AF96BD000BEFAD8 /* Picker.swift in Sources */ = {isa = PBXBuildFile; fileRef = ECD56D532AF96BD000BEFAD8 /* Picker.swift */; };
		ECD56D572AF9715200BEFAD8 /* ImagePicker.swift in Sources */ = {isa = PBXBuildFile; fileRef = ECD56D562AF9715200BEFAD8 /* ImagePicker.swift */; };
		ECD56D5A2AF978E200BEFAD8 /* Default.swift in Sources */ = {isa = PBXBuildFile; fileRef = ECD56D592AF978E200BEFAD8 /* Default.swift */; };
		ECD56D5C2AF9794B00BEFAD8 /* SessionDefault.swift in Sources */ = {isa = PBXBuildFile; fileRef = ECD56D5B2AF9794B00BEFAD8 /* SessionDefault.swift */; };
/* End PBXBuildFile section */

/* Begin PBXContainerItemProxy section */
		D1108C002AF00911008E6D97 /* PBXContainerItemProxy */ = {
			isa = PBXContainerItemProxy;
			containerPortal = D1108BE72AF00910008E6D97 /* Project object */;
			proxyType = 1;
			remoteGlobalIDString = D1108BEE2AF00910008E6D97;
			remoteInfo = TrainingTest;
		};
		D1108C0A2AF00911008E6D97 /* PBXContainerItemProxy */ = {
			isa = PBXContainerItemProxy;
			containerPortal = D1108BE72AF00910008E6D97 /* Project object */;
			proxyType = 1;
			remoteGlobalIDString = D1108BEE2AF00910008E6D97;
			remoteInfo = TrainingTest;
		};
/* End PBXContainerItemProxy section */

/* Begin PBXFileReference section */
		D1108BEF2AF00910008E6D97 /* TrainingTest.app */ = {isa = PBXFileReference; explicitFileType = wrapper.application; includeInIndex = 0; path = TrainingTest.app; sourceTree = BUILT_PRODUCTS_DIR; };
		D1108BF22AF00910008E6D97 /* TrainingTestApp.swift */ = {isa = PBXFileReference; lastKnownFileType = sourcecode.swift; path = TrainingTestApp.swift; sourceTree = "<group>"; };
		D1108BF62AF00911008E6D97 /* Assets.xcassets */ = {isa = PBXFileReference; lastKnownFileType = folder.assetcatalog; path = Assets.xcassets; sourceTree = "<group>"; };
		D1108BF92AF00911008E6D97 /* Preview Assets.xcassets */ = {isa = PBXFileReference; lastKnownFileType = folder.assetcatalog; path = "Preview Assets.xcassets"; sourceTree = "<group>"; };
		D1108BFF2AF00911008E6D97 /* TrainingTestTests.xctest */ = {isa = PBXFileReference; explicitFileType = wrapper.cfbundle; includeInIndex = 0; path = TrainingTestTests.xctest; sourceTree = BUILT_PRODUCTS_DIR; };
		D1108C032AF00911008E6D97 /* TrainingTestTests.swift */ = {isa = PBXFileReference; lastKnownFileType = sourcecode.swift; path = TrainingTestTests.swift; sourceTree = "<group>"; };
		D1108C092AF00911008E6D97 /* TrainingTestUITests.xctest */ = {isa = PBXFileReference; explicitFileType = wrapper.cfbundle; includeInIndex = 0; path = TrainingTestUITests.xctest; sourceTree = BUILT_PRODUCTS_DIR; };
		D1108C0D2AF00911008E6D97 /* TrainingTestUITests.swift */ = {isa = PBXFileReference; lastKnownFileType = sourcecode.swift; path = TrainingTestUITests.swift; sourceTree = "<group>"; };
		D1108C0F2AF00911008E6D97 /* TrainingTestUITestsLaunchTests.swift */ = {isa = PBXFileReference; lastKnownFileType = sourcecode.swift; path = TrainingTestUITestsLaunchTests.swift; sourceTree = "<group>"; };
		D1108C1D2AF01173008E6D97 /* Data */ = {isa = PBXFileReference; lastKnownFileType = wrapper; path = Data; sourceTree = "<group>"; };
		D1108C212AF01263008E6D97 /* Shared */ = {isa = PBXFileReference; lastKnownFileType = wrapper; path = Shared; sourceTree = "<group>"; };
		D1108C222AF012D5008E6D97 /* Presentation */ = {isa = PBXFileReference; lastKnownFileType = wrapper; path = Presentation; sourceTree = "<group>"; };
		D1108C242AF0138E008E6D97 /* Domain */ = {isa = PBXFileReference; lastKnownFileType = wrapper; path = Domain; sourceTree = "<group>"; };
		D1108C292AF03C41008E6D97 /* Colors.xcassets */ = {isa = PBXFileReference; lastKnownFileType = folder.assetcatalog; path = Colors.xcassets; sourceTree = "<group>"; };
		D14B5FA72AF44D4C004DD964 /* NewTransactionView.swift */ = {isa = PBXFileReference; lastKnownFileType = sourcecode.swift; path = NewTransactionView.swift; sourceTree = "<group>"; };
		D14B5FAA2AF48F0A004DD964 /* CategorySelectorView.swift */ = {isa = PBXFileReference; lastKnownFileType = sourcecode.swift; path = CategorySelectorView.swift; sourceTree = "<group>"; };
		D14B5FAC2AF4B083004DD964 /* PayMethodSelectorView.swift */ = {isa = PBXFileReference; lastKnownFileType = sourcecode.swift; path = PayMethodSelectorView.swift; sourceTree = "<group>"; };
		D14B5FAF2AF4B504004DD964 /* TransactionOptionView.swift */ = {isa = PBXFileReference; lastKnownFileType = sourcecode.swift; path = TransactionOptionView.swift; sourceTree = "<group>"; };
		D14B5FB12AF55401004DD964 /* ValueTransactionTextFieldView.swift */ = {isa = PBXFileReference; lastKnownFileType = sourcecode.swift; path = ValueTransactionTextFieldView.swift; sourceTree = "<group>"; };
		D14B5FB52AF5868B004DD964 /* Store.swift */ = {isa = PBXFileReference; lastKnownFileType = sourcecode.swift; path = Store.swift; sourceTree = "<group>"; };
		D17A24722AF34BB500D43209 /* TransactionCellView.swift */ = {isa = PBXFileReference; lastKnownFileType = sourcecode.swift; path = TransactionCellView.swift; sourceTree = "<group>"; };
		D17A24752AF3DA3B00D43209 /* Transaction.swift */ = {isa = PBXFileReference; lastKnownFileType = sourcecode.swift; path = Transaction.swift; sourceTree = "<group>"; };
		D17A24782AF3E38700D43209 /* TransactionViewModel.swift */ = {isa = PBXFileReference; lastKnownFileType = sourcecode.swift; path = TransactionViewModel.swift; sourceTree = "<group>"; };
		D17A247B2AF3F68B00D43209 /* NewOptionTransactionView.swift */ = {isa = PBXFileReference; lastKnownFileType = sourcecode.swift; path = NewOptionTransactionView.swift; sourceTree = "<group>"; };
		D1DDBD062AF0A333006846D0 /* OnboardingView.swift */ = {isa = PBXFileReference; lastKnownFileType = sourcecode.swift; path = OnboardingView.swift; sourceTree = "<group>"; };
		D1DDBD092AF0AC65006846D0 /* OnboardingInfoView.swift */ = {isa = PBXFileReference; lastKnownFileType = sourcecode.swift; path = OnboardingInfoView.swift; sourceTree = "<group>"; };
		D1DDBD0F2AF0BFAA006846D0 /* OnboardingItem.swift */ = {isa = PBXFileReference; lastKnownFileType = sourcecode.swift; path = OnboardingItem.swift; sourceTree = "<group>"; };
		D1DDBD132AF158CC006846D0 /* CustomButton.swift */ = {isa = PBXFileReference; lastKnownFileType = sourcecode.swift; path = CustomButton.swift; sourceTree = "<group>"; };
		D1DDBD172AF162C6006846D0 /* LoginView.swift */ = {isa = PBXFileReference; lastKnownFileType = sourcecode.swift; path = LoginView.swift; sourceTree = "<group>"; };
		D1DDBD1A2AF17446006846D0 /* CustomTextField.swift */ = {isa = PBXFileReference; lastKnownFileType = sourcecode.swift; path = CustomTextField.swift; sourceTree = "<group>"; };
		D1DDBD1D2AF17DD6006846D0 /* CreateAccountView.swift */ = {isa = PBXFileReference; lastKnownFileType = sourcecode.swift; path = CreateAccountView.swift; sourceTree = "<group>"; };
		D1DDBD1F2AF17EDD006846D0 /* CustomPasswordTextField.swift */ = {isa = PBXFileReference; lastKnownFileType = sourcecode.swift; path = CustomPasswordTextField.swift; sourceTree = "<group>"; };
		D1DDBD212AF181CD006846D0 /* CustomDateTextField.swift */ = {isa = PBXFileReference; lastKnownFileType = sourcecode.swift; path = CustomDateTextField.swift; sourceTree = "<group>"; };
		D1DDBD242AF1E73C006846D0 /* TabBarView.swift */ = {isa = PBXFileReference; lastKnownFileType = sourcecode.swift; path = TabBarView.swift; sourceTree = "<group>"; };
		D1DDBD272AF1F1BB006846D0 /* HomeView.swift */ = {isa = PBXFileReference; lastKnownFileType = sourcecode.swift; path = HomeView.swift; sourceTree = "<group>"; };
		D1DDBD292AF1F463006846D0 /* MonthSwitcherView.swift */ = {isa = PBXFileReference; lastKnownFileType = sourcecode.swift; path = MonthSwitcherView.swift; sourceTree = "<group>"; };
		D1DDBD2B2AF29A91006846D0 /* BalanceComponentView.swift */ = {isa = PBXFileReference; lastKnownFileType = sourcecode.swift; path = BalanceComponentView.swift; sourceTree = "<group>"; };
		D1DDBD762AF2D91B006846D0 /* IncomeComponentView.swift */ = {isa = PBXFileReference; lastKnownFileType = sourcecode.swift; path = IncomeComponentView.swift; sourceTree = "<group>"; };
		D1DDBD782AF2D973006846D0 /* ExpensesView.swift */ = {isa = PBXFileReference; lastKnownFileType = sourcecode.swift; path = ExpensesView.swift; sourceTree = "<group>"; };
		D1DDBD7D2AF2DC0F006846D0 /* FrequencyView.swift */ = {isa = PBXFileReference; lastKnownFileType = sourcecode.swift; path = FrequencyView.swift; sourceTree = "<group>"; };
		D1DDBD812AF2E775006846D0 /* SplashScreenView.swift */ = {isa = PBXFileReference; fileEncoding = 4; lastKnownFileType = sourcecode.swift; path = SplashScreenView.swift; sourceTree = "<group>"; };
		D1DDBD832AF2F6AF006846D0 /* SelectFrequencyView.swift */ = {isa = PBXFileReference; lastKnownFileType = sourcecode.swift; path = SelectFrequencyView.swift; sourceTree = "<group>"; };
		D1DDBD862AF31022006846D0 /* RecentTransactionView.swift */ = {isa = PBXFileReference; lastKnownFileType = sourcecode.swift; path = RecentTransactionView.swift; sourceTree = "<group>"; };
		ECD56D512AF9683500BEFAD8 /* NewTransactionViewModel.swift */ = {isa = PBXFileReference; lastKnownFileType = sourcecode.swift; path = NewTransactionViewModel.swift; sourceTree = "<group>"; };
		ECD56D532AF96BD000BEFAD8 /* Picker.swift */ = {isa = PBXFileReference; lastKnownFileType = sourcecode.swift; path = Picker.swift; sourceTree = "<group>"; };
		ECD56D562AF9715200BEFAD8 /* ImagePicker.swift */ = {isa = PBXFileReference; lastKnownFileType = sourcecode.swift; path = ImagePicker.swift; sourceTree = "<group>"; };
		ECD56D592AF978E200BEFAD8 /* Default.swift */ = {isa = PBXFileReference; lastKnownFileType = sourcecode.swift; path = Default.swift; sourceTree = "<group>"; };
		ECD56D5B2AF9794B00BEFAD8 /* SessionDefault.swift */ = {isa = PBXFileReference; lastKnownFileType = sourcecode.swift; path = SessionDefault.swift; sourceTree = "<group>"; };
/* End PBXFileReference section */

/* Begin PBXFrameworksBuildPhase section */
		D1108BEC2AF00910008E6D97 /* Frameworks */ = {
			isa = PBXFrameworksBuildPhase;
			buildActionMask = 2147483647;
			files = (
			);
			runOnlyForDeploymentPostprocessing = 0;
		};
		D1108BFC2AF00911008E6D97 /* Frameworks */ = {
			isa = PBXFrameworksBuildPhase;
			buildActionMask = 2147483647;
			files = (
			);
			runOnlyForDeploymentPostprocessing = 0;
		};
		D1108C062AF00911008E6D97 /* Frameworks */ = {
			isa = PBXFrameworksBuildPhase;
			buildActionMask = 2147483647;
			files = (
			);
			runOnlyForDeploymentPostprocessing = 0;
		};
/* End PBXFrameworksBuildPhase section */

/* Begin PBXGroup section */
		D1108BE62AF00910008E6D97 = {
			isa = PBXGroup;
			children = (
				D1108C1C2AF0108E008E6D97 /* Package */,
				D1108BF12AF00910008E6D97 /* TrainingTest */,
				D1108C022AF00911008E6D97 /* TrainingTestTests */,
				D1108C0C2AF00911008E6D97 /* TrainingTestUITests */,
				D1108BF02AF00910008E6D97 /* Products */,
			);
			sourceTree = "<group>";
		};
		D1108BF02AF00910008E6D97 /* Products */ = {
			isa = PBXGroup;
			children = (
				D1108BEF2AF00910008E6D97 /* TrainingTest.app */,
				D1108BFF2AF00911008E6D97 /* TrainingTestTests.xctest */,
				D1108C092AF00911008E6D97 /* TrainingTestUITests.xctest */,
			);
			name = Products;
			sourceTree = "<group>";
		};
		D1108BF12AF00910008E6D97 /* TrainingTest */ = {
			isa = PBXGroup;
			children = (
				D1DDBD012AF04F26006846D0 /* Presentation */,
				D1108BF22AF00910008E6D97 /* TrainingTestApp.swift */,
				D1108C282AF03C04008E6D97 /* Resources */,
				D1108BF82AF00911008E6D97 /* Preview Content */,
			);
			path = TrainingTest;
			sourceTree = "<group>";
		};
		D1108BF82AF00911008E6D97 /* Preview Content */ = {
			isa = PBXGroup;
			children = (
				D1108BF92AF00911008E6D97 /* Preview Assets.xcassets */,
			);
			path = "Preview Content";
			sourceTree = "<group>";
		};
		D1108C022AF00911008E6D97 /* TrainingTestTests */ = {
			isa = PBXGroup;
			children = (
				D1108C032AF00911008E6D97 /* TrainingTestTests.swift */,
			);
			path = TrainingTestTests;
			sourceTree = "<group>";
		};
		D1108C0C2AF00911008E6D97 /* TrainingTestUITests */ = {
			isa = PBXGroup;
			children = (
				D1108C0D2AF00911008E6D97 /* TrainingTestUITests.swift */,
				D1108C0F2AF00911008E6D97 /* TrainingTestUITestsLaunchTests.swift */,
			);
			path = TrainingTestUITests;
			sourceTree = "<group>";
		};
		D1108C1C2AF0108E008E6D97 /* Package */ = {
			isa = PBXGroup;
			children = (
				D1108C1D2AF01173008E6D97 /* Data */,
				D1108C242AF0138E008E6D97 /* Domain */,
				D1108C222AF012D5008E6D97 /* Presentation */,
				D1108C212AF01263008E6D97 /* Shared */,
			);
			path = Package;
			sourceTree = "<group>";
		};
		D1108C282AF03C04008E6D97 /* Resources */ = {
			isa = PBXGroup;
			children = (
				D1108BF62AF00911008E6D97 /* Assets.xcassets */,
				D1108C292AF03C41008E6D97 /* Colors.xcassets */,
			);
			path = Resources;
			sourceTree = "<group>";
		};
		D14B5FA92AF48EDB004DD964 /* Selector */ = {
			isa = PBXGroup;
			children = (
				D14B5FAA2AF48F0A004DD964 /* CategorySelectorView.swift */,
				D14B5FAC2AF4B083004DD964 /* PayMethodSelectorView.swift */,
			);
			path = Selector;
			sourceTree = "<group>";
		};
		D14B5FB42AF5867D004DD964 /* Store */ = {
			isa = PBXGroup;
			children = (
				ECD56D582AF9787400BEFAD8 /* Default */,
				D14B5FB52AF5868B004DD964 /* Store.swift */,
			);
			path = Store;
			sourceTree = "<group>";
		};
		D17A24742AF3DA1600D43209 /* Entities */ = {
			isa = PBXGroup;
			children = (
				D17A24752AF3DA3B00D43209 /* Transaction.swift */,
				ECD56D532AF96BD000BEFAD8 /* Picker.swift */,
			);
			path = Entities;
			sourceTree = "<group>";
		};
		D17A24772AF3E35F00D43209 /* ViewModel */ = {
			isa = PBXGroup;
			children = (
				D17A24782AF3E38700D43209 /* TransactionViewModel.swift */,
			);
			path = ViewModel;
			sourceTree = "<group>";
		};
		D17A247A2AF3F66000D43209 /* NewTransaction */ = {
			isa = PBXGroup;
			children = (
				ECD56D502AF9681C00BEFAD8 /* ViewModel */,
				D17A247B2AF3F68B00D43209 /* NewOptionTransactionView.swift */,
				D14B5FA72AF44D4C004DD964 /* NewTransactionView.swift */,
				D14B5FAF2AF4B504004DD964 /* TransactionOptionView.swift */,
				D14B5FB12AF55401004DD964 /* ValueTransactionTextFieldView.swift */,
			);
			path = NewTransaction;
			sourceTree = "<group>";
		};
		D1DDBD012AF04F26006846D0 /* Presentation */ = {
			isa = PBXGroup;
			children = (
				D14B5FB42AF5867D004DD964 /* Store */,
				D17A24742AF3DA1600D43209 /* Entities */,
				D1DDBD112AF158B5006846D0 /* Base */,
				D1DDBD152AF1629F006846D0 /* View */,
			);
			path = Presentation;
			sourceTree = "<group>";
		};
		D1DDBD042AF04F3F006846D0 /* SplashScreen */ = {
			isa = PBXGroup;
			children = (
				D1DDBD812AF2E775006846D0 /* SplashScreenView.swift */,
			);
			path = SplashScreen;
			sourceTree = "<group>";
		};
		D1DDBD052AF05A4D006846D0 /* Onboarding */ = {
			isa = PBXGroup;
			children = (
				D1DDBD062AF0A333006846D0 /* OnboardingView.swift */,
				D1DDBD092AF0AC65006846D0 /* OnboardingInfoView.swift */,
				D1DDBD0F2AF0BFAA006846D0 /* OnboardingItem.swift */,
			);
			path = Onboarding;
			sourceTree = "<group>";
		};
		D1DDBD112AF158B5006846D0 /* Base */ = {
			isa = PBXGroup;
			children = (
				ECD56D552AF9714500BEFAD8 /* ImagePicker */,
				D14B5FA92AF48EDB004DD964 /* Selector */,
				D1DDBD192AF17436006846D0 /* TextField */,
				D1DDBD122AF158BB006846D0 /* Button */,
			);
			path = Base;
			sourceTree = "<group>";
		};
		D1DDBD122AF158BB006846D0 /* Button */ = {
			isa = PBXGroup;
			children = (
				D1DDBD132AF158CC006846D0 /* CustomButton.swift */,
			);
			path = Button;
			sourceTree = "<group>";
		};
		D1DDBD152AF1629F006846D0 /* View */ = {
			isa = PBXGroup;
			children = (
				D1DDBD232AF1E725006846D0 /* TabBar */,
				D1DDBD1C2AF17DC4006846D0 /* CreateAccount */,
				D1DDBD162AF162B1006846D0 /* Login */,
				D1DDBD052AF05A4D006846D0 /* Onboarding */,
				D1DDBD042AF04F3F006846D0 /* SplashScreen */,
			);
			path = View;
			sourceTree = "<group>";
		};
		D1DDBD162AF162B1006846D0 /* Login */ = {
			isa = PBXGroup;
			children = (
				D1DDBD172AF162C6006846D0 /* LoginView.swift */,
			);
			path = Login;
			sourceTree = "<group>";
		};
		D1DDBD192AF17436006846D0 /* TextField */ = {
			isa = PBXGroup;
			children = (
				D1DDBD1A2AF17446006846D0 /* CustomTextField.swift */,
				D1DDBD1F2AF17EDD006846D0 /* CustomPasswordTextField.swift */,
				D1DDBD212AF181CD006846D0 /* CustomDateTextField.swift */,
			);
			path = TextField;
			sourceTree = "<group>";
		};
		D1DDBD1C2AF17DC4006846D0 /* CreateAccount */ = {
			isa = PBXGroup;
			children = (
				D1DDBD1D2AF17DD6006846D0 /* CreateAccountView.swift */,
			);
			path = CreateAccount;
			sourceTree = "<group>";
		};
		D1DDBD232AF1E725006846D0 /* TabBar */ = {
			isa = PBXGroup;
			children = (
				D1DDBD262AF1F1A9006846D0 /* Home */,
				D1DDBD242AF1E73C006846D0 /* TabBarView.swift */,
			);
			path = TabBar;
			sourceTree = "<group>";
		};
		D1DDBD262AF1F1A9006846D0 /* Home */ = {
			isa = PBXGroup;
			children = (
				D1DDBD852AF30FFE006846D0 /* RecentTransaction */,
				D1DDBD7B2AF2DB95006846D0 /* Frecuency */,
				D1DDBD7A2AF2DA48006846D0 /* MonthSwitcher */,
				D1DDBD752AF2D905006846D0 /* Balance */,
				D1DDBD272AF1F1BB006846D0 /* HomeView.swift */,
			);
			path = Home;
			sourceTree = "<group>";
		};
		D1DDBD752AF2D905006846D0 /* Balance */ = {
			isa = PBXGroup;
			children = (
				D1DDBD2B2AF29A91006846D0 /* BalanceComponentView.swift */,
				D1DDBD762AF2D91B006846D0 /* IncomeComponentView.swift */,
				D1DDBD782AF2D973006846D0 /* ExpensesView.swift */,
			);
			path = Balance;
			sourceTree = "<group>";
		};
		D1DDBD7A2AF2DA48006846D0 /* MonthSwitcher */ = {
			isa = PBXGroup;
			children = (
				D1DDBD292AF1F463006846D0 /* MonthSwitcherView.swift */,
			);
			path = MonthSwitcher;
			sourceTree = "<group>";
		};
		D1DDBD7B2AF2DB95006846D0 /* Frecuency */ = {
			isa = PBXGroup;
			children = (
				D1DDBD7D2AF2DC0F006846D0 /* FrequencyView.swift */,
				D1DDBD832AF2F6AF006846D0 /* SelectFrequencyView.swift */,
			);
			path = Frecuency;
			sourceTree = "<group>";
		};
		D1DDBD852AF30FFE006846D0 /* RecentTransaction */ = {
			isa = PBXGroup;
			children = (
				D17A247A2AF3F66000D43209 /* NewTransaction */,
				D17A24772AF3E35F00D43209 /* ViewModel */,
				D1DDBD862AF31022006846D0 /* RecentTransactionView.swift */,
				D17A24722AF34BB500D43209 /* TransactionCellView.swift */,
			);
			path = RecentTransaction;
			sourceTree = "<group>";
		};
		ECD56D502AF9681C00BEFAD8 /* ViewModel */ = {
			isa = PBXGroup;
			children = (
				ECD56D512AF9683500BEFAD8 /* NewTransactionViewModel.swift */,
			);
			path = ViewModel;
			sourceTree = "<group>";
		};
		ECD56D552AF9714500BEFAD8 /* ImagePicker */ = {
			isa = PBXGroup;
			children = (
				ECD56D562AF9715200BEFAD8 /* ImagePicker.swift */,
			);
			path = ImagePicker;
			sourceTree = "<group>";
		};
		ECD56D582AF9787400BEFAD8 /* Default */ = {
			isa = PBXGroup;
			children = (
				ECD56D592AF978E200BEFAD8 /* Default.swift */,
				ECD56D5B2AF9794B00BEFAD8 /* SessionDefault.swift */,
			);
			path = Default;
			sourceTree = "<group>";
		};
/* End PBXGroup section */

/* Begin PBXNativeTarget section */
		D1108BEE2AF00910008E6D97 /* TrainingTest */ = {
			isa = PBXNativeTarget;
			buildConfigurationList = D1108C132AF00911008E6D97 /* Build configuration list for PBXNativeTarget "TrainingTest" */;
			buildPhases = (
				D1108BEB2AF00910008E6D97 /* Sources */,
				D1108BEC2AF00910008E6D97 /* Frameworks */,
				D1108BED2AF00910008E6D97 /* Resources */,
			);
			buildRules = (
			);
			dependencies = (
				D1108C362AF04531008E6D97 /* PBXTargetDependency */,
				D1108C302AF044D4008E6D97 /* PBXTargetDependency */,
				D1108C322AF044D4008E6D97 /* PBXTargetDependency */,
				D1108C342AF044D4008E6D97 /* PBXTargetDependency */,
			);
			name = TrainingTest;
			packageProductDependencies = (
			);
			productName = TrainingTest;
			productReference = D1108BEF2AF00910008E6D97 /* TrainingTest.app */;
			productType = "com.apple.product-type.application";
		};
		D1108BFE2AF00911008E6D97 /* TrainingTestTests */ = {
			isa = PBXNativeTarget;
			buildConfigurationList = D1108C162AF00911008E6D97 /* Build configuration list for PBXNativeTarget "TrainingTestTests" */;
			buildPhases = (
				D1108BFB2AF00911008E6D97 /* Sources */,
				D1108BFC2AF00911008E6D97 /* Frameworks */,
				D1108BFD2AF00911008E6D97 /* Resources */,
			);
			buildRules = (
			);
			dependencies = (
				D1108C012AF00911008E6D97 /* PBXTargetDependency */,
			);
			name = TrainingTestTests;
			productName = TrainingTestTests;
			productReference = D1108BFF2AF00911008E6D97 /* TrainingTestTests.xctest */;
			productType = "com.apple.product-type.bundle.unit-test";
		};
		D1108C082AF00911008E6D97 /* TrainingTestUITests */ = {
			isa = PBXNativeTarget;
			buildConfigurationList = D1108C192AF00911008E6D97 /* Build configuration list for PBXNativeTarget "TrainingTestUITests" */;
			buildPhases = (
				D1108C052AF00911008E6D97 /* Sources */,
				D1108C062AF00911008E6D97 /* Frameworks */,
				D1108C072AF00911008E6D97 /* Resources */,
			);
			buildRules = (
			);
			dependencies = (
				D1108C0B2AF00911008E6D97 /* PBXTargetDependency */,
			);
			name = TrainingTestUITests;
			productName = TrainingTestUITests;
			productReference = D1108C092AF00911008E6D97 /* TrainingTestUITests.xctest */;
			productType = "com.apple.product-type.bundle.ui-testing";
		};
/* End PBXNativeTarget section */

/* Begin PBXProject section */
		D1108BE72AF00910008E6D97 /* Project object */ = {
			isa = PBXProject;
			attributes = {
				BuildIndependentTargetsInParallel = 1;
				LastSwiftUpdateCheck = 1500;
				LastUpgradeCheck = 1500;
				TargetAttributes = {
					D1108BEE2AF00910008E6D97 = {
						CreatedOnToolsVersion = 15.0;
					};
					D1108BFE2AF00911008E6D97 = {
						CreatedOnToolsVersion = 15.0;
						TestTargetID = D1108BEE2AF00910008E6D97;
					};
					D1108C082AF00911008E6D97 = {
						CreatedOnToolsVersion = 15.0;
						TestTargetID = D1108BEE2AF00910008E6D97;
					};
				};
			};
			buildConfigurationList = D1108BEA2AF00910008E6D97 /* Build configuration list for PBXProject "TrainingTest" */;
			compatibilityVersion = "Xcode 14.0";
			developmentRegion = en;
			hasScannedForEncodings = 0;
			knownRegions = (
				en,
				Base,
			);
			mainGroup = D1108BE62AF00910008E6D97;
			packageReferences = (
			);
			productRefGroup = D1108BF02AF00910008E6D97 /* Products */;
			projectDirPath = "";
			projectRoot = "";
			targets = (
				D1108BEE2AF00910008E6D97 /* TrainingTest */,
				D1108BFE2AF00911008E6D97 /* TrainingTestTests */,
				D1108C082AF00911008E6D97 /* TrainingTestUITests */,
			);
		};
/* End PBXProject section */

/* Begin PBXResourcesBuildPhase section */
		D1108BED2AF00910008E6D97 /* Resources */ = {
			isa = PBXResourcesBuildPhase;
			buildActionMask = 2147483647;
			files = (
				D1108C2A2AF03C41008E6D97 /* Colors.xcassets in Resources */,
				D1108BFA2AF00911008E6D97 /* Preview Assets.xcassets in Resources */,
				D1108BF72AF00911008E6D97 /* Assets.xcassets in Resources */,
			);
			runOnlyForDeploymentPostprocessing = 0;
		};
		D1108BFD2AF00911008E6D97 /* Resources */ = {
			isa = PBXResourcesBuildPhase;
			buildActionMask = 2147483647;
			files = (
			);
			runOnlyForDeploymentPostprocessing = 0;
		};
		D1108C072AF00911008E6D97 /* Resources */ = {
			isa = PBXResourcesBuildPhase;
			buildActionMask = 2147483647;
			files = (
			);
			runOnlyForDeploymentPostprocessing = 0;
		};
/* End PBXResourcesBuildPhase section */

/* Begin PBXSourcesBuildPhase section */
		D1108BEB2AF00910008E6D97 /* Sources */ = {
			isa = PBXSourcesBuildPhase;
			buildActionMask = 2147483647;
			files = (
				D17A24762AF3DA3B00D43209 /* Transaction.swift in Sources */,
				D1DDBD7E2AF2DC0F006846D0 /* FrequencyView.swift in Sources */,
				D1DDBD772AF2D91B006846D0 /* IncomeComponentView.swift in Sources */,
				D14B5FA82AF44D4C004DD964 /* NewTransactionView.swift in Sources */,
				D1DDBD142AF158CC006846D0 /* CustomButton.swift in Sources */,
				ECD56D542AF96BD000BEFAD8 /* Picker.swift in Sources */,
				D1DDBD282AF1F1BB006846D0 /* HomeView.swift in Sources */,
				D1DDBD102AF0BFAA006846D0 /* OnboardingItem.swift in Sources */,
				D14B5FAB2AF48F0A004DD964 /* CategorySelectorView.swift in Sources */,
				D1DDBD252AF1E73C006846D0 /* TabBarView.swift in Sources */,
				D1DDBD0A2AF0AC65006846D0 /* OnboardingInfoView.swift in Sources */,
				ECD56D5A2AF978E200BEFAD8 /* Default.swift in Sources */,
				D1DDBD792AF2D973006846D0 /* ExpensesView.swift in Sources */,
				D1DDBD2A2AF1F463006846D0 /* MonthSwitcherView.swift in Sources */,
				D1DDBD842AF2F6AF006846D0 /* SelectFrequencyView.swift in Sources */,
				D14B5FB22AF55401004DD964 /* ValueTransactionTextFieldView.swift in Sources */,
				D14B5FAD2AF4B083004DD964 /* PayMethodSelectorView.swift in Sources */,
				D14B5FB62AF5868B004DD964 /* Store.swift in Sources */,
				D1DDBD1E2AF17DD6006846D0 /* CreateAccountView.swift in Sources */,
				ECD56D572AF9715200BEFAD8 /* ImagePicker.swift in Sources */,
				D1DDBD072AF0A333006846D0 /* OnboardingView.swift in Sources */,
				D14B5FB02AF4B504004DD964 /* TransactionOptionView.swift in Sources */,
				D17A24732AF34BB500D43209 /* TransactionCellView.swift in Sources */,
				D1DDBD822AF2E775006846D0 /* SplashScreenView.swift in Sources */,
				ECD56D5C2AF9794B00BEFAD8 /* SessionDefault.swift in Sources */,
				D1DDBD222AF181CD006846D0 /* CustomDateTextField.swift in Sources */,
				D1108BF32AF00910008E6D97 /* TrainingTestApp.swift in Sources */,
				D17A24792AF3E38700D43209 /* TransactionViewModel.swift in Sources */,
				ECD56D522AF9683500BEFAD8 /* NewTransactionViewModel.swift in Sources */,
				D1DDBD182AF162C6006846D0 /* LoginView.swift in Sources */,
				D1DDBD872AF31022006846D0 /* RecentTransactionView.swift in Sources */,
				D1DDBD202AF17EDD006846D0 /* CustomPasswordTextField.swift in Sources */,
				D1DDBD2C2AF29A91006846D0 /* BalanceComponentView.swift in Sources */,
				D1DDBD1B2AF17446006846D0 /* CustomTextField.swift in Sources */,
				D17A247C2AF3F68B00D43209 /* NewOptionTransactionView.swift in Sources */,
			);
			runOnlyForDeploymentPostprocessing = 0;
		};
		D1108BFB2AF00911008E6D97 /* Sources */ = {
			isa = PBXSourcesBuildPhase;
			buildActionMask = 2147483647;
			files = (
				D1108C042AF00911008E6D97 /* TrainingTestTests.swift in Sources */,
			);
			runOnlyForDeploymentPostprocessing = 0;
		};
		D1108C052AF00911008E6D97 /* Sources */ = {
			isa = PBXSourcesBuildPhase;
			buildActionMask = 2147483647;
			files = (
				D1108C102AF00911008E6D97 /* TrainingTestUITestsLaunchTests.swift in Sources */,
				D1108C0E2AF00911008E6D97 /* TrainingTestUITests.swift in Sources */,
			);
			runOnlyForDeploymentPostprocessing = 0;
		};
/* End PBXSourcesBuildPhase section */

/* Begin PBXTargetDependency section */
		D1108C012AF00911008E6D97 /* PBXTargetDependency */ = {
			isa = PBXTargetDependency;
			target = D1108BEE2AF00910008E6D97 /* TrainingTest */;
			targetProxy = D1108C002AF00911008E6D97 /* PBXContainerItemProxy */;
		};
		D1108C0B2AF00911008E6D97 /* PBXTargetDependency */ = {
			isa = PBXTargetDependency;
			target = D1108BEE2AF00910008E6D97 /* TrainingTest */;
			targetProxy = D1108C0A2AF00911008E6D97 /* PBXContainerItemProxy */;
		};
		D1108C302AF044D4008E6D97 /* PBXTargetDependency */ = {
			isa = PBXTargetDependency;
			productRef = D1108C2F2AF044D4008E6D97 /* Domain */;
		};
		D1108C322AF044D4008E6D97 /* PBXTargetDependency */ = {
			isa = PBXTargetDependency;
			productRef = D1108C312AF044D4008E6D97 /* Presentation */;
		};
		D1108C342AF044D4008E6D97 /* PBXTargetDependency */ = {
			isa = PBXTargetDependency;
			productRef = D1108C332AF044D4008E6D97 /* Shared */;
		};
		D1108C362AF04531008E6D97 /* PBXTargetDependency */ = {
			isa = PBXTargetDependency;
			productRef = D1108C352AF04531008E6D97 /* Data */;
		};
/* End PBXTargetDependency section */

/* Begin XCBuildConfiguration section */
		D1108C112AF00911008E6D97 /* Debug */ = {
			isa = XCBuildConfiguration;
			buildSettings = {
				ALWAYS_SEARCH_USER_PATHS = NO;
				ASSETCATALOG_COMPILER_GENERATE_SWIFT_ASSET_SYMBOL_EXTENSIONS = YES;
				CLANG_ANALYZER_NONNULL = YES;
				CLANG_ANALYZER_NUMBER_OBJECT_CONVERSION = YES_AGGRESSIVE;
				CLANG_CXX_LANGUAGE_STANDARD = "gnu++20";
				CLANG_ENABLE_MODULES = YES;
				CLANG_ENABLE_OBJC_ARC = YES;
				CLANG_ENABLE_OBJC_WEAK = YES;
				CLANG_WARN_BLOCK_CAPTURE_AUTORELEASING = YES;
				CLANG_WARN_BOOL_CONVERSION = YES;
				CLANG_WARN_COMMA = YES;
				CLANG_WARN_CONSTANT_CONVERSION = YES;
				CLANG_WARN_DEPRECATED_OBJC_IMPLEMENTATIONS = YES;
				CLANG_WARN_DIRECT_OBJC_ISA_USAGE = YES_ERROR;
				CLANG_WARN_DOCUMENTATION_COMMENTS = YES;
				CLANG_WARN_EMPTY_BODY = YES;
				CLANG_WARN_ENUM_CONVERSION = YES;
				CLANG_WARN_INFINITE_RECURSION = YES;
				CLANG_WARN_INT_CONVERSION = YES;
				CLANG_WARN_NON_LITERAL_NULL_CONVERSION = YES;
				CLANG_WARN_OBJC_IMPLICIT_RETAIN_SELF = YES;
				CLANG_WARN_OBJC_LITERAL_CONVERSION = YES;
				CLANG_WARN_OBJC_ROOT_CLASS = YES_ERROR;
				CLANG_WARN_QUOTED_INCLUDE_IN_FRAMEWORK_HEADER = YES;
				CLANG_WARN_RANGE_LOOP_ANALYSIS = YES;
				CLANG_WARN_STRICT_PROTOTYPES = YES;
				CLANG_WARN_SUSPICIOUS_MOVE = YES;
				CLANG_WARN_UNGUARDED_AVAILABILITY = YES_AGGRESSIVE;
				CLANG_WARN_UNREACHABLE_CODE = YES;
				CLANG_WARN__DUPLICATE_METHOD_MATCH = YES;
				COPY_PHASE_STRIP = NO;
				DEBUG_INFORMATION_FORMAT = dwarf;
				ENABLE_STRICT_OBJC_MSGSEND = YES;
				ENABLE_TESTABILITY = YES;
				ENABLE_USER_SCRIPT_SANDBOXING = YES;
				GCC_C_LANGUAGE_STANDARD = gnu17;
				GCC_DYNAMIC_NO_PIC = NO;
				GCC_NO_COMMON_BLOCKS = YES;
				GCC_OPTIMIZATION_LEVEL = 0;
				GCC_PREPROCESSOR_DEFINITIONS = (
					"DEBUG=1",
					"$(inherited)",
				);
				GCC_WARN_64_TO_32_BIT_CONVERSION = YES;
				GCC_WARN_ABOUT_RETURN_TYPE = YES_ERROR;
				GCC_WARN_UNDECLARED_SELECTOR = YES;
				GCC_WARN_UNINITIALIZED_AUTOS = YES_AGGRESSIVE;
				GCC_WARN_UNUSED_FUNCTION = YES;
				GCC_WARN_UNUSED_VARIABLE = YES;
				IPHONEOS_DEPLOYMENT_TARGET = 17.0;
				LOCALIZATION_PREFERS_STRING_CATALOGS = YES;
				MTL_ENABLE_DEBUG_INFO = INCLUDE_SOURCE;
				MTL_FAST_MATH = YES;
				ONLY_ACTIVE_ARCH = YES;
				SDKROOT = iphoneos;
				SWIFT_ACTIVE_COMPILATION_CONDITIONS = "DEBUG $(inherited)";
				SWIFT_OPTIMIZATION_LEVEL = "-Onone";
			};
			name = Debug;
		};
		D1108C122AF00911008E6D97 /* Release */ = {
			isa = XCBuildConfiguration;
			buildSettings = {
				ALWAYS_SEARCH_USER_PATHS = NO;
				ASSETCATALOG_COMPILER_GENERATE_SWIFT_ASSET_SYMBOL_EXTENSIONS = YES;
				CLANG_ANALYZER_NONNULL = YES;
				CLANG_ANALYZER_NUMBER_OBJECT_CONVERSION = YES_AGGRESSIVE;
				CLANG_CXX_LANGUAGE_STANDARD = "gnu++20";
				CLANG_ENABLE_MODULES = YES;
				CLANG_ENABLE_OBJC_ARC = YES;
				CLANG_ENABLE_OBJC_WEAK = YES;
				CLANG_WARN_BLOCK_CAPTURE_AUTORELEASING = YES;
				CLANG_WARN_BOOL_CONVERSION = YES;
				CLANG_WARN_COMMA = YES;
				CLANG_WARN_CONSTANT_CONVERSION = YES;
				CLANG_WARN_DEPRECATED_OBJC_IMPLEMENTATIONS = YES;
				CLANG_WARN_DIRECT_OBJC_ISA_USAGE = YES_ERROR;
				CLANG_WARN_DOCUMENTATION_COMMENTS = YES;
				CLANG_WARN_EMPTY_BODY = YES;
				CLANG_WARN_ENUM_CONVERSION = YES;
				CLANG_WARN_INFINITE_RECURSION = YES;
				CLANG_WARN_INT_CONVERSION = YES;
				CLANG_WARN_NON_LITERAL_NULL_CONVERSION = YES;
				CLANG_WARN_OBJC_IMPLICIT_RETAIN_SELF = YES;
				CLANG_WARN_OBJC_LITERAL_CONVERSION = YES;
				CLANG_WARN_OBJC_ROOT_CLASS = YES_ERROR;
				CLANG_WARN_QUOTED_INCLUDE_IN_FRAMEWORK_HEADER = YES;
				CLANG_WARN_RANGE_LOOP_ANALYSIS = YES;
				CLANG_WARN_STRICT_PROTOTYPES = YES;
				CLANG_WARN_SUSPICIOUS_MOVE = YES;
				CLANG_WARN_UNGUARDED_AVAILABILITY = YES_AGGRESSIVE;
				CLANG_WARN_UNREACHABLE_CODE = YES;
				CLANG_WARN__DUPLICATE_METHOD_MATCH = YES;
				COPY_PHASE_STRIP = NO;
				DEBUG_INFORMATION_FORMAT = "dwarf-with-dsym";
				ENABLE_NS_ASSERTIONS = NO;
				ENABLE_STRICT_OBJC_MSGSEND = YES;
				ENABLE_USER_SCRIPT_SANDBOXING = YES;
				GCC_C_LANGUAGE_STANDARD = gnu17;
				GCC_NO_COMMON_BLOCKS = YES;
				GCC_WARN_64_TO_32_BIT_CONVERSION = YES;
				GCC_WARN_ABOUT_RETURN_TYPE = YES_ERROR;
				GCC_WARN_UNDECLARED_SELECTOR = YES;
				GCC_WARN_UNINITIALIZED_AUTOS = YES_AGGRESSIVE;
				GCC_WARN_UNUSED_FUNCTION = YES;
				GCC_WARN_UNUSED_VARIABLE = YES;
				IPHONEOS_DEPLOYMENT_TARGET = 17.0;
				LOCALIZATION_PREFERS_STRING_CATALOGS = YES;
				MTL_ENABLE_DEBUG_INFO = NO;
				MTL_FAST_MATH = YES;
				SDKROOT = iphoneos;
				SWIFT_COMPILATION_MODE = wholemodule;
				VALIDATE_PRODUCT = YES;
			};
			name = Release;
		};
		D1108C142AF00911008E6D97 /* Debug */ = {
			isa = XCBuildConfiguration;
			buildSettings = {
				ASSETCATALOG_COMPILER_APPICON_NAME = AppIcon;
				ASSETCATALOG_COMPILER_GLOBAL_ACCENT_COLOR_NAME = AccentColor;
				CODE_SIGN_STYLE = Automatic;
				CURRENT_PROJECT_VERSION = 1;
				DEVELOPMENT_ASSET_PATHS = "\"TrainingTest/Preview Content\"";
				DEVELOPMENT_TEAM = SHCLPJTU4V;
				ENABLE_PREVIEWS = YES;
				GENERATE_INFOPLIST_FILE = YES;
				INFOPLIST_KEY_NSCameraUsageDescription = "Would like to use the camera to take photos";
				INFOPLIST_KEY_UIApplicationSceneManifest_Generation = YES;
				INFOPLIST_KEY_UIApplicationSupportsIndirectInputEvents = YES;
				INFOPLIST_KEY_UILaunchScreen_Generation = YES;
				INFOPLIST_KEY_UISupportedInterfaceOrientations_iPad = "UIInterfaceOrientationPortrait UIInterfaceOrientationPortraitUpsideDown UIInterfaceOrientationLandscapeLeft UIInterfaceOrientationLandscapeRight";
				INFOPLIST_KEY_UISupportedInterfaceOrientations_iPhone = "UIInterfaceOrientationPortrait UIInterfaceOrientationLandscapeLeft UIInterfaceOrientationLandscapeRight";
				IPHONEOS_DEPLOYMENT_TARGET = 17.0;
				LD_RUNPATH_SEARCH_PATHS = (
					"$(inherited)",
					"@executable_path/Frameworks",
				);
				MARKETING_VERSION = 1.0;
				PRODUCT_BUNDLE_IDENTIFIER = com.trainingTest.TrainingTest;
				PRODUCT_NAME = "$(TARGET_NAME)";
				SWIFT_EMIT_LOC_STRINGS = YES;
				SWIFT_VERSION = 5.0;
				TARGETED_DEVICE_FAMILY = "1,2";
			};
			name = Debug;
		};
		D1108C152AF00911008E6D97 /* Release */ = {
			isa = XCBuildConfiguration;
			buildSettings = {
				ASSETCATALOG_COMPILER_APPICON_NAME = AppIcon;
				ASSETCATALOG_COMPILER_GLOBAL_ACCENT_COLOR_NAME = AccentColor;
				CODE_SIGN_STYLE = Automatic;
				CURRENT_PROJECT_VERSION = 1;
				DEVELOPMENT_ASSET_PATHS = "\"TrainingTest/Preview Content\"";
				DEVELOPMENT_TEAM = SHCLPJTU4V;
				ENABLE_PREVIEWS = YES;
				GENERATE_INFOPLIST_FILE = YES;
				INFOPLIST_KEY_NSCameraUsageDescription = "Would like to use the camera to take photos";
				INFOPLIST_KEY_UIApplicationSceneManifest_Generation = YES;
				INFOPLIST_KEY_UIApplicationSupportsIndirectInputEvents = YES;
				INFOPLIST_KEY_UILaunchScreen_Generation = YES;
				INFOPLIST_KEY_UISupportedInterfaceOrientations_iPad = "UIInterfaceOrientationPortrait UIInterfaceOrientationPortraitUpsideDown UIInterfaceOrientationLandscapeLeft UIInterfaceOrientationLandscapeRight";
				INFOPLIST_KEY_UISupportedInterfaceOrientations_iPhone = "UIInterfaceOrientationPortrait UIInterfaceOrientationLandscapeLeft UIInterfaceOrientationLandscapeRight";
				IPHONEOS_DEPLOYMENT_TARGET = 17.0;
				LD_RUNPATH_SEARCH_PATHS = (
					"$(inherited)",
					"@executable_path/Frameworks",
				);
				MARKETING_VERSION = 1.0;
				PRODUCT_BUNDLE_IDENTIFIER = com.trainingTest.TrainingTest;
				PRODUCT_NAME = "$(TARGET_NAME)";
				SWIFT_EMIT_LOC_STRINGS = YES;
				SWIFT_VERSION = 5.0;
				TARGETED_DEVICE_FAMILY = "1,2";
			};
			name = Release;
		};
		D1108C172AF00911008E6D97 /* Debug */ = {
			isa = XCBuildConfiguration;
			buildSettings = {
				ALWAYS_EMBED_SWIFT_STANDARD_LIBRARIES = YES;
				BUNDLE_LOADER = "$(TEST_HOST)";
				CODE_SIGN_STYLE = Automatic;
				CURRENT_PROJECT_VERSION = 1;
				DEVELOPMENT_TEAM = NCKUL6BZ4Z;
				GENERATE_INFOPLIST_FILE = YES;
				IPHONEOS_DEPLOYMENT_TARGET = 17.0;
				MARKETING_VERSION = 1.0;
				PRODUCT_BUNDLE_IDENTIFIER = com.trainingTest.TrainingTestTests;
				PRODUCT_NAME = "$(TARGET_NAME)";
				SWIFT_EMIT_LOC_STRINGS = NO;
				SWIFT_VERSION = 5.0;
				TARGETED_DEVICE_FAMILY = "1,2";
				TEST_HOST = "$(BUILT_PRODUCTS_DIR)/TrainingTest.app/$(BUNDLE_EXECUTABLE_FOLDER_PATH)/TrainingTest";
			};
			name = Debug;
		};
		D1108C182AF00911008E6D97 /* Release */ = {
			isa = XCBuildConfiguration;
			buildSettings = {
				ALWAYS_EMBED_SWIFT_STANDARD_LIBRARIES = YES;
				BUNDLE_LOADER = "$(TEST_HOST)";
				CODE_SIGN_STYLE = Automatic;
				CURRENT_PROJECT_VERSION = 1;
				DEVELOPMENT_TEAM = NCKUL6BZ4Z;
				GENERATE_INFOPLIST_FILE = YES;
				IPHONEOS_DEPLOYMENT_TARGET = 17.0;
				MARKETING_VERSION = 1.0;
				PRODUCT_BUNDLE_IDENTIFIER = com.trainingTest.TrainingTestTests;
				PRODUCT_NAME = "$(TARGET_NAME)";
				SWIFT_EMIT_LOC_STRINGS = NO;
				SWIFT_VERSION = 5.0;
				TARGETED_DEVICE_FAMILY = "1,2";
				TEST_HOST = "$(BUILT_PRODUCTS_DIR)/TrainingTest.app/$(BUNDLE_EXECUTABLE_FOLDER_PATH)/TrainingTest";
			};
			name = Release;
		};
		D1108C1A2AF00911008E6D97 /* Debug */ = {
			isa = XCBuildConfiguration;
			buildSettings = {
				ALWAYS_EMBED_SWIFT_STANDARD_LIBRARIES = YES;
				CODE_SIGN_STYLE = Automatic;
				CURRENT_PROJECT_VERSION = 1;
				DEVELOPMENT_TEAM = NCKUL6BZ4Z;
				GENERATE_INFOPLIST_FILE = YES;
				MARKETING_VERSION = 1.0;
				PRODUCT_BUNDLE_IDENTIFIER = com.trainingTest.TrainingTestUITests;
				PRODUCT_NAME = "$(TARGET_NAME)";
				SWIFT_EMIT_LOC_STRINGS = NO;
				SWIFT_VERSION = 5.0;
				TARGETED_DEVICE_FAMILY = "1,2";
				TEST_TARGET_NAME = TrainingTest;
			};
			name = Debug;
		};
		D1108C1B2AF00911008E6D97 /* Release */ = {
			isa = XCBuildConfiguration;
			buildSettings = {
				ALWAYS_EMBED_SWIFT_STANDARD_LIBRARIES = YES;
				CODE_SIGN_STYLE = Automatic;
				CURRENT_PROJECT_VERSION = 1;
				DEVELOPMENT_TEAM = NCKUL6BZ4Z;
				GENERATE_INFOPLIST_FILE = YES;
				MARKETING_VERSION = 1.0;
				PRODUCT_BUNDLE_IDENTIFIER = com.trainingTest.TrainingTestUITests;
				PRODUCT_NAME = "$(TARGET_NAME)";
				SWIFT_EMIT_LOC_STRINGS = NO;
				SWIFT_VERSION = 5.0;
				TARGETED_DEVICE_FAMILY = "1,2";
				TEST_TARGET_NAME = TrainingTest;
			};
			name = Release;
		};
/* End XCBuildConfiguration section */

/* Begin XCConfigurationList section */
		D1108BEA2AF00910008E6D97 /* Build configuration list for PBXProject "TrainingTest" */ = {
			isa = XCConfigurationList;
			buildConfigurations = (
				D1108C112AF00911008E6D97 /* Debug */,
				D1108C122AF00911008E6D97 /* Release */,
			);
			defaultConfigurationIsVisible = 0;
			defaultConfigurationName = Release;
		};
		D1108C132AF00911008E6D97 /* Build configuration list for PBXNativeTarget "TrainingTest" */ = {
			isa = XCConfigurationList;
			buildConfigurations = (
				D1108C142AF00911008E6D97 /* Debug */,
				D1108C152AF00911008E6D97 /* Release */,
			);
			defaultConfigurationIsVisible = 0;
			defaultConfigurationName = Release;
		};
		D1108C162AF00911008E6D97 /* Build configuration list for PBXNativeTarget "TrainingTestTests" */ = {
			isa = XCConfigurationList;
			buildConfigurations = (
				D1108C172AF00911008E6D97 /* Debug */,
				D1108C182AF00911008E6D97 /* Release */,
			);
			defaultConfigurationIsVisible = 0;
			defaultConfigurationName = Release;
		};
		D1108C192AF00911008E6D97 /* Build configuration list for PBXNativeTarget "TrainingTestUITests" */ = {
			isa = XCConfigurationList;
			buildConfigurations = (
				D1108C1A2AF00911008E6D97 /* Debug */,
				D1108C1B2AF00911008E6D97 /* Release */,
			);
			defaultConfigurationIsVisible = 0;
			defaultConfigurationName = Release;
		};
/* End XCConfigurationList section */

/* Begin XCSwiftPackageProductDependency section */
		D1108C2F2AF044D4008E6D97 /* Domain */ = {
			isa = XCSwiftPackageProductDependency;
			productName = Domain;
		};
		D1108C312AF044D4008E6D97 /* Presentation */ = {
			isa = XCSwiftPackageProductDependency;
			productName = Presentation;
		};
		D1108C332AF044D4008E6D97 /* Shared */ = {
			isa = XCSwiftPackageProductDependency;
			productName = Shared;
		};
		D1108C352AF04531008E6D97 /* Data */ = {
			isa = XCSwiftPackageProductDependency;
			productName = Data;
		};
/* End XCSwiftPackageProductDependency section */
	};
	rootObject = D1108BE72AF00910008E6D97 /* Project object */;
}
